
Microsoft Visual Studio Solution File, Format Version 11.00
# Visual Studio 2010
Project("{8BC9CEB8-8B4A-11D0-8D11-00A0C91BC942}") = "login_db_srv", "servers\login_db_srv\login_db_srv.vcxproj", "{4FCD6016-9630-4AFF-A68E-254DCCE2951A}"
EndProject
Project("{8BC9CEB8-8B4A-11D0-8D11-00A0C91BC942}") = "zone_db_srv", "servers\zone_db_srv\zone_db_srv.vcxproj", "{21F92614-FA8D-4D65-870E-6B685074A42F}"
EndProject
Project("{8BC9CEB8-8B4A-11D0-8D11-00A0C91BC942}") = "zone_srv", "servers\zone_srv\zone_srv.vcxproj", "{783D117C-7490-4446-AD1B-0B75B881FE42}"
EndProject
Project("{8BC9CEB8-8B4A-11D0-8D11-00A0C91BC942}") = "login_srv", "servers\login_srv\login_srv.vcxproj", "{0112E945-28B7-47A5-9D8C-976918ECD58C}"
EndProject
Project("{8BC9CEB8-8B4A-11D0-8D11-00A0C91BC942}") = "login_admin", "admin\login_admin\login_admin.vcxproj", "{1A424BEC-C109-45F8-90C8-0B23A5260BC6}"
	ProjectSection(ProjectDependencies) = postProject
		{38F7637D-5100-3B6F-9DE8-A3F45DEC7A1A} = {38F7637D-5100-3B6F-9DE8-A3F45DEC7A1A}
	EndProjectSection
EndProject
Project("{8BC9CEB8-8B4A-11D0-8D11-00A0C91BC942}") = "zone_admin", "admin\zone_admin\zone_admin.vcxproj", "{4229715E-576D-4932-98D7-6B48BD24E801}"
EndProject
Project("{8BC9CEB8-8B4A-11D0-8D11-00A0C91BC942}") = "client", "client\client.vcxproj", "{FE826D92-C3DF-4BF2-89FF-E85607FAC28D}"
EndProject
Project("{8BC9CEB8-8B4A-11D0-8D11-00A0C91BC942}") = "ban_ids", "ban_ids\ban_ids.vcxproj", "{AA2672AE-79AF-4927-BC6F-E0658D588ED2}"
EndProject
Project("{8BC9CEB8-8B4A-11D0-8D11-00A0C91BC942}") = "labyrinth", "labyrinth\labyrinth.vcxproj", "{0AC1B896-CA75-4D0D-9A43-B4D1B31B8863}"
EndProject
Project("{8BC9CEB8-8B4A-11D0-8D11-00A0C91BC942}") = "Common", "..\libcatid\build\Common\Common.vcxproj", "{E6E578BC-6936-451A-90F2-811C5EE5F82F}"
EndProject
Project("{8BC9CEB8-8B4A-11D0-8D11-00A0C91BC942}") = "Crypt", "..\libcatid\build\Crypt\Crypt.vcxproj", "{30D7C283-4016-48E9-BF8D-017DA4A57E2F}"
EndProject
Project("{8BC9CEB8-8B4A-11D0-8D11-00A0C91BC942}") = "Codec", "..\libcatid\build\Codec\Codec.vcxproj", "{27FB49DA-71AD-4A54-8038-10401A64A135}"
EndProject
Project("{8BC9CEB8-8B4A-11D0-8D11-00A0C91BC942}") = "Framework", "..\libcatid\build\Framework\Framework.vcxproj", "{0C763797-B0EE-4AD5-AD7A-4544FC16B7A7}"
EndProject
Project("{8BC9CEB8-8B4A-11D0-8D11-00A0C91BC942}") = "Graphics", "..\libcatid\build\Graphics\Graphics.vcxproj", "{D3D9205D-7C81-479D-977F-34D8DECF7395}"
	ProjectSection(ProjectDependencies) = postProject
		{38F7637D-5100-3B6F-9DE8-A3F45DEC7A1A} = {38F7637D-5100-3B6F-9DE8-A3F45DEC7A1A}
	EndProjectSection
EndProject
Project("{8BC9CEB8-8B4A-11D0-8D11-00A0C91BC942}") = "Math", "..\libcatid\build\Math\Math.vcxproj", "{F8337E6D-AA24-4D95-8BDB-7012762B2A70}"
EndProject
Project("{8BC9CEB8-8B4A-11D0-8D11-00A0C91BC942}") = "Tunnel", "..\libcatid\build\Tunnel\Tunnel.vcxproj", "{16931DD6-245D-4DBF-AB0A-A49BEC946526}"
EndProject
Project("{2150E333-8FDC-42A3-9474-1A3956D46DE8}") = "libcat", "libcat", "{9AC1B402-4ABD-4CC0-8D1C-50B017B9DAA5}"
EndProject
Project("{2150E333-8FDC-42A3-9474-1A3956D46DE8}") = "misc", "misc", "{DF860434-DB04-40BB-BEB3-63492F1C11B6}"
EndProject
Project("{2150E333-8FDC-42A3-9474-1A3956D46DE8}") = "login", "login", "{B5040DE8-5177-4A95-9581-A79F48671B7F}"
EndProject
Project("{2150E333-8FDC-42A3-9474-1A3956D46DE8}") = "zone", "zone", "{364A03B9-3D7E-4EB2-8447-566952BA23E9}"
EndProject
Project("{2150E333-8FDC-42A3-9474-1A3956D46DE8}") = "client", "client", "{158C52FF-B15B-4065-B6E6-9CE647DD7A77}"
EndProject
Project("{8BC9CEB8-8B4A-11D0-8D11-00A0C91BC942}") = "zlib", "common\zlib-1.2.4\projects\visualc6\zlib.vcxproj", "{38F7637D-5100-3B6F-9DE8-A3F45DEC7A1A}"
EndProject
Project("{8BC9CEB8-8B4A-11D0-8D11-00A0C91BC942}") = "CharLS", "common\charls\CharLS.vcxproj", "{524BE26D-FC60-4BC4-9100-128A0502FFF7}"
EndProject
Project("{8BC9CEB8-8B4A-11D0-8D11-00A0C91BC942}") = "kennel", "kennel\kennel.vcxproj", "{5B1A5BA8-B7D6-45A9-AF38-47C2FDDCCA7A}"
EndProject
Project("{2150E333-8FDC-42A3-9474-1A3956D46DE8}") = "codecs", "codecs", "{3ADE727B-6624-4DA4-B71E-17E05F6A6B80}"
EndProject
Global
	GlobalSection(SolutionConfigurationPlatforms) = preSolution
		Debug|Win32 = Debug|Win32
		Debug|x64 = Debug|x64
		DLL ASM Debug|Win32 = DLL ASM Debug|Win32
		DLL ASM Debug|x64 = DLL ASM Debug|x64
		DLL ASM Release|Win32 = DLL ASM Release|Win32
		DLL ASM Release|x64 = DLL ASM Release|x64
		DLL Debug|Win32 = DLL Debug|Win32
		DLL Debug|x64 = DLL Debug|x64
		DLL Release|Win32 = DLL Release|Win32
		DLL Release|x64 = DLL Release|x64
		LIB ASM Debug|Win32 = LIB ASM Debug|Win32
		LIB ASM Debug|x64 = LIB ASM Debug|x64
		LIB ASM Release|Win32 = LIB ASM Release|Win32
		LIB ASM Release|x64 = LIB ASM Release|x64
		LIB Debug|Win32 = LIB Debug|Win32
		LIB Debug|x64 = LIB Debug|x64
		LIB Release|Win32 = LIB Release|Win32
		LIB Release|x64 = LIB Release|x64
		Release|Win32 = Release|Win32
		Release|x64 = Release|x64
		Template|Win32 = Template|Win32
		Template|x64 = Template|x64
	EndGlobalSection
	GlobalSection(ProjectConfigurationPlatforms) = postSolution
		{4FCD6016-9630-4AFF-A68E-254DCCE2951A}.Debug|Win32.ActiveCfg = Debug|Win32
		{4FCD6016-9630-4AFF-A68E-254DCCE2951A}.Debug|Win32.Build.0 = Debug|Win32
		{4FCD6016-9630-4AFF-A68E-254DCCE2951A}.Debug|x64.ActiveCfg = Debug|x64
		{4FCD6016-9630-4AFF-A68E-254DCCE2951A}.Debug|x64.Build.0 = Debug|x64
		{4FCD6016-9630-4AFF-A68E-254DCCE2951A}.DLL ASM Debug|Win32.ActiveCfg = Debug|Win32
		{4FCD6016-9630-4AFF-A68E-254DCCE2951A}.DLL ASM Debug|Win32.Build.0 = Debug|Win32
		{4FCD6016-9630-4AFF-A68E-254DCCE2951A}.DLL ASM Debug|x64.ActiveCfg = Debug|x64
		{4FCD6016-9630-4AFF-A68E-254DCCE2951A}.DLL ASM Debug|x64.Build.0 = Debug|x64
		{4FCD6016-9630-4AFF-A68E-254DCCE2951A}.DLL ASM Release|Win32.ActiveCfg = Release|Win32
		{4FCD6016-9630-4AFF-A68E-254DCCE2951A}.DLL ASM Release|Win32.Build.0 = Release|Win32
		{4FCD6016-9630-4AFF-A68E-254DCCE2951A}.DLL ASM Release|x64.ActiveCfg = Release|x64
		{4FCD6016-9630-4AFF-A68E-254DCCE2951A}.DLL ASM Release|x64.Build.0 = Release|x64
		{4FCD6016-9630-4AFF-A68E-254DCCE2951A}.DLL Debug|Win32.ActiveCfg = Debug|Win32
		{4FCD6016-9630-4AFF-A68E-254DCCE2951A}.DLL Debug|Win32.Build.0 = Debug|Win32
		{4FCD6016-9630-4AFF-A68E-254DCCE2951A}.DLL Debug|x64.ActiveCfg = Debug|x64
		{4FCD6016-9630-4AFF-A68E-254DCCE2951A}.DLL Debug|x64.Build.0 = Debug|x64
		{4FCD6016-9630-4AFF-A68E-254DCCE2951A}.DLL Release|Win32.ActiveCfg = Release|Win32
		{4FCD6016-9630-4AFF-A68E-254DCCE2951A}.DLL Release|Win32.Build.0 = Release|Win32
		{4FCD6016-9630-4AFF-A68E-254DCCE2951A}.DLL Release|x64.ActiveCfg = Release|x64
		{4FCD6016-9630-4AFF-A68E-254DCCE2951A}.DLL Release|x64.Build.0 = Release|x64
		{4FCD6016-9630-4AFF-A68E-254DCCE2951A}.LIB ASM Debug|Win32.ActiveCfg = Debug|Win32
		{4FCD6016-9630-4AFF-A68E-254DCCE2951A}.LIB ASM Debug|Win32.Build.0 = Debug|Win32
		{4FCD6016-9630-4AFF-A68E-254DCCE2951A}.LIB ASM Debug|x64.ActiveCfg = Debug|x64
		{4FCD6016-9630-4AFF-A68E-254DCCE2951A}.LIB ASM Debug|x64.Build.0 = Debug|x64
		{4FCD6016-9630-4AFF-A68E-254DCCE2951A}.LIB ASM Release|Win32.ActiveCfg = Release|Win32
		{4FCD6016-9630-4AFF-A68E-254DCCE2951A}.LIB ASM Release|Win32.Build.0 = Release|Win32
		{4FCD6016-9630-4AFF-A68E-254DCCE2951A}.LIB ASM Release|x64.ActiveCfg = Release|x64
		{4FCD6016-9630-4AFF-A68E-254DCCE2951A}.LIB ASM Release|x64.Build.0 = Release|x64
		{4FCD6016-9630-4AFF-A68E-254DCCE2951A}.LIB Debug|Win32.ActiveCfg = Debug|Win32
		{4FCD6016-9630-4AFF-A68E-254DCCE2951A}.LIB Debug|Win32.Build.0 = Debug|Win32
		{4FCD6016-9630-4AFF-A68E-254DCCE2951A}.LIB Debug|x64.ActiveCfg = Debug|x64
		{4FCD6016-9630-4AFF-A68E-254DCCE2951A}.LIB Debug|x64.Build.0 = Debug|x64
		{4FCD6016-9630-4AFF-A68E-254DCCE2951A}.LIB Release|Win32.ActiveCfg = Release|Win32
		{4FCD6016-9630-4AFF-A68E-254DCCE2951A}.LIB Release|Win32.Build.0 = Release|Win32
		{4FCD6016-9630-4AFF-A68E-254DCCE2951A}.LIB Release|x64.ActiveCfg = Release|x64
		{4FCD6016-9630-4AFF-A68E-254DCCE2951A}.LIB Release|x64.Build.0 = Release|x64
		{4FCD6016-9630-4AFF-A68E-254DCCE2951A}.Release|Win32.ActiveCfg = Release|Win32
		{4FCD6016-9630-4AFF-A68E-254DCCE2951A}.Release|Win32.Build.0 = Release|Win32
		{4FCD6016-9630-4AFF-A68E-254DCCE2951A}.Release|x64.ActiveCfg = Release|x64
		{4FCD6016-9630-4AFF-A68E-254DCCE2951A}.Release|x64.Build.0 = Release|x64
		{4FCD6016-9630-4AFF-A68E-254DCCE2951A}.Template|Win32.ActiveCfg = Release|x64
		{4FCD6016-9630-4AFF-A68E-254DCCE2951A}.Template|x64.ActiveCfg = Release|x64
		{4FCD6016-9630-4AFF-A68E-254DCCE2951A}.Template|x64.Build.0 = Release|x64
		{21F92614-FA8D-4D65-870E-6B685074A42F}.Debug|Win32.ActiveCfg = Debug|Win32
		{21F92614-FA8D-4D65-870E-6B685074A42F}.Debug|Win32.Build.0 = Debug|Win32
		{21F92614-FA8D-4D65-870E-6B685074A42F}.Debug|x64.ActiveCfg = Debug|x64
		{21F92614-FA8D-4D65-870E-6B685074A42F}.Debug|x64.Build.0 = Debug|x64
		{21F92614-FA8D-4D65-870E-6B685074A42F}.DLL ASM Debug|Win32.ActiveCfg = Debug|Win32
		{21F92614-FA8D-4D65-870E-6B685074A42F}.DLL ASM Debug|x64.ActiveCfg = Debug|x64
		{21F92614-FA8D-4D65-870E-6B685074A42F}.DLL ASM Release|Win32.ActiveCfg = Release|Win32
		{21F92614-FA8D-4D65-870E-6B685074A42F}.DLL ASM Release|x64.ActiveCfg = Release|x64
		{21F92614-FA8D-4D65-870E-6B685074A42F}.DLL Debug|Win32.ActiveCfg = Debug|Win32
		{21F92614-FA8D-4D65-870E-6B685074A42F}.DLL Debug|x64.ActiveCfg = Debug|x64
		{21F92614-FA8D-4D65-870E-6B685074A42F}.DLL Release|Win32.ActiveCfg = Release|Win32
		{21F92614-FA8D-4D65-870E-6B685074A42F}.DLL Release|x64.ActiveCfg = Release|x64
		{21F92614-FA8D-4D65-870E-6B685074A42F}.LIB ASM Debug|Win32.ActiveCfg = Debug|Win32
		{21F92614-FA8D-4D65-870E-6B685074A42F}.LIB ASM Debug|x64.ActiveCfg = Debug|x64
		{21F92614-FA8D-4D65-870E-6B685074A42F}.LIB ASM Release|Win32.ActiveCfg = Release|Win32
		{21F92614-FA8D-4D65-870E-6B685074A42F}.LIB ASM Release|x64.ActiveCfg = Release|x64
		{21F92614-FA8D-4D65-870E-6B685074A42F}.LIB Debug|Win32.ActiveCfg = Debug|Win32
		{21F92614-FA8D-4D65-870E-6B685074A42F}.LIB Debug|x64.ActiveCfg = Debug|x64
		{21F92614-FA8D-4D65-870E-6B685074A42F}.LIB Release|Win32.ActiveCfg = Release|Win32
		{21F92614-FA8D-4D65-870E-6B685074A42F}.LIB Release|x64.ActiveCfg = Release|x64
		{21F92614-FA8D-4D65-870E-6B685074A42F}.Release|Win32.ActiveCfg = Release|Win32
		{21F92614-FA8D-4D65-870E-6B685074A42F}.Release|Win32.Build.0 = Release|Win32
		{21F92614-FA8D-4D65-870E-6B685074A42F}.Release|x64.ActiveCfg = Release|x64
		{21F92614-FA8D-4D65-870E-6B685074A42F}.Release|x64.Build.0 = Release|x64
		{21F92614-FA8D-4D65-870E-6B685074A42F}.Template|Win32.ActiveCfg = Release|x64
		{21F92614-FA8D-4D65-870E-6B685074A42F}.Template|x64.ActiveCfg = Release|x64
		{783D117C-7490-4446-AD1B-0B75B881FE42}.Debug|Win32.ActiveCfg = Debug|Win32
		{783D117C-7490-4446-AD1B-0B75B881FE42}.Debug|Win32.Build.0 = Debug|Win32
		{783D117C-7490-4446-AD1B-0B75B881FE42}.Debug|x64.ActiveCfg = Debug|x64
		{783D117C-7490-4446-AD1B-0B75B881FE42}.Debug|x64.Build.0 = Debug|x64
		{783D117C-7490-4446-AD1B-0B75B881FE42}.DLL ASM Debug|Win32.ActiveCfg = Debug|Win32
		{783D117C-7490-4446-AD1B-0B75B881FE42}.DLL ASM Debug|x64.ActiveCfg = Debug|x64
		{783D117C-7490-4446-AD1B-0B75B881FE42}.DLL ASM Release|Win32.ActiveCfg = Release|Win32
		{783D117C-7490-4446-AD1B-0B75B881FE42}.DLL ASM Release|x64.ActiveCfg = Release|x64
		{783D117C-7490-4446-AD1B-0B75B881FE42}.DLL Debug|Win32.ActiveCfg = Debug|Win32
		{783D117C-7490-4446-AD1B-0B75B881FE42}.DLL Debug|x64.ActiveCfg = Debug|x64
		{783D117C-7490-4446-AD1B-0B75B881FE42}.DLL Release|Win32.ActiveCfg = Release|Win32
		{783D117C-7490-4446-AD1B-0B75B881FE42}.DLL Release|x64.ActiveCfg = Release|x64
		{783D117C-7490-4446-AD1B-0B75B881FE42}.LIB ASM Debug|Win32.ActiveCfg = Debug|Win32
		{783D117C-7490-4446-AD1B-0B75B881FE42}.LIB ASM Debug|x64.ActiveCfg = Debug|x64
		{783D117C-7490-4446-AD1B-0B75B881FE42}.LIB ASM Release|Win32.ActiveCfg = Release|Win32
		{783D117C-7490-4446-AD1B-0B75B881FE42}.LIB ASM Release|x64.ActiveCfg = Release|x64
		{783D117C-7490-4446-AD1B-0B75B881FE42}.LIB Debug|Win32.ActiveCfg = Debug|Win32
		{783D117C-7490-4446-AD1B-0B75B881FE42}.LIB Debug|x64.ActiveCfg = Debug|x64
		{783D117C-7490-4446-AD1B-0B75B881FE42}.LIB Release|Win32.ActiveCfg = Release|Win32
		{783D117C-7490-4446-AD1B-0B75B881FE42}.LIB Release|x64.ActiveCfg = Release|x64
		{783D117C-7490-4446-AD1B-0B75B881FE42}.Release|Win32.ActiveCfg = Release|Win32
		{783D117C-7490-4446-AD1B-0B75B881FE42}.Release|Win32.Build.0 = Release|Win32
		{783D117C-7490-4446-AD1B-0B75B881FE42}.Release|x64.ActiveCfg = Release|x64
		{783D117C-7490-4446-AD1B-0B75B881FE42}.Release|x64.Build.0 = Release|x64
		{783D117C-7490-4446-AD1B-0B75B881FE42}.Template|Win32.ActiveCfg = Release|x64
		{783D117C-7490-4446-AD1B-0B75B881FE42}.Template|x64.ActiveCfg = Release|x64
		{0112E945-28B7-47A5-9D8C-976918ECD58C}.Debug|Win32.ActiveCfg = Debug|Win32
		{0112E945-28B7-47A5-9D8C-976918ECD58C}.Debug|Win32.Build.0 = Debug|Win32
		{0112E945-28B7-47A5-9D8C-976918ECD58C}.Debug|x64.ActiveCfg = Debug|x64
		{0112E945-28B7-47A5-9D8C-976918ECD58C}.Debug|x64.Build.0 = Debug|x64
		{0112E945-28B7-47A5-9D8C-976918ECD58C}.DLL ASM Debug|Win32.ActiveCfg = Debug|Win32
		{0112E945-28B7-47A5-9D8C-976918ECD58C}.DLL ASM Debug|Win32.Build.0 = Debug|Win32
		{0112E945-28B7-47A5-9D8C-976918ECD58C}.DLL ASM Debug|x64.ActiveCfg = Debug|x64
		{0112E945-28B7-47A5-9D8C-976918ECD58C}.DLL ASM Debug|x64.Build.0 = Debug|x64
		{0112E945-28B7-47A5-9D8C-976918ECD58C}.DLL ASM Release|Win32.ActiveCfg = Release|Win32
		{0112E945-28B7-47A5-9D8C-976918ECD58C}.DLL ASM Release|Win32.Build.0 = Release|Win32
		{0112E945-28B7-47A5-9D8C-976918ECD58C}.DLL ASM Release|x64.ActiveCfg = Release|x64
		{0112E945-28B7-47A5-9D8C-976918ECD58C}.DLL ASM Release|x64.Build.0 = Release|x64
		{0112E945-28B7-47A5-9D8C-976918ECD58C}.DLL Debug|Win32.ActiveCfg = Debug|Win32
		{0112E945-28B7-47A5-9D8C-976918ECD58C}.DLL Debug|Win32.Build.0 = Debug|Win32
		{0112E945-28B7-47A5-9D8C-976918ECD58C}.DLL Debug|x64.ActiveCfg = Debug|x64
		{0112E945-28B7-47A5-9D8C-976918ECD58C}.DLL Debug|x64.Build.0 = Debug|x64
		{0112E945-28B7-47A5-9D8C-976918ECD58C}.DLL Release|Win32.ActiveCfg = Release|Win32
		{0112E945-28B7-47A5-9D8C-976918ECD58C}.DLL Release|Win32.Build.0 = Release|Win32
		{0112E945-28B7-47A5-9D8C-976918ECD58C}.DLL Release|x64.ActiveCfg = Release|x64
		{0112E945-28B7-47A5-9D8C-976918ECD58C}.DLL Release|x64.Build.0 = Release|x64
		{0112E945-28B7-47A5-9D8C-976918ECD58C}.LIB ASM Debug|Win32.ActiveCfg = Debug|Win32
		{0112E945-28B7-47A5-9D8C-976918ECD58C}.LIB ASM Debug|Win32.Build.0 = Debug|Win32
		{0112E945-28B7-47A5-9D8C-976918ECD58C}.LIB ASM Debug|x64.ActiveCfg = Debug|x64
		{0112E945-28B7-47A5-9D8C-976918ECD58C}.LIB ASM Debug|x64.Build.0 = Debug|x64
		{0112E945-28B7-47A5-9D8C-976918ECD58C}.LIB ASM Release|Win32.ActiveCfg = Release|Win32
		{0112E945-28B7-47A5-9D8C-976918ECD58C}.LIB ASM Release|Win32.Build.0 = Release|Win32
		{0112E945-28B7-47A5-9D8C-976918ECD58C}.LIB ASM Release|x64.ActiveCfg = Release|x64
		{0112E945-28B7-47A5-9D8C-976918ECD58C}.LIB ASM Release|x64.Build.0 = Release|x64
		{0112E945-28B7-47A5-9D8C-976918ECD58C}.LIB Debug|Win32.ActiveCfg = Debug|Win32
		{0112E945-28B7-47A5-9D8C-976918ECD58C}.LIB Debug|Win32.Build.0 = Debug|Win32
		{0112E945-28B7-47A5-9D8C-976918ECD58C}.LIB Debug|x64.ActiveCfg = Debug|x64
		{0112E945-28B7-47A5-9D8C-976918ECD58C}.LIB Debug|x64.Build.0 = Debug|x64
		{0112E945-28B7-47A5-9D8C-976918ECD58C}.LIB Release|Win32.ActiveCfg = Release|Win32
		{0112E945-28B7-47A5-9D8C-976918ECD58C}.LIB Release|Win32.Build.0 = Release|Win32
		{0112E945-28B7-47A5-9D8C-976918ECD58C}.LIB Release|x64.ActiveCfg = Release|x64
		{0112E945-28B7-47A5-9D8C-976918ECD58C}.LIB Release|x64.Build.0 = Release|x64
		{0112E945-28B7-47A5-9D8C-976918ECD58C}.Release|Win32.ActiveCfg = Release|Win32
		{0112E945-28B7-47A5-9D8C-976918ECD58C}.Release|Win32.Build.0 = Release|Win32
		{0112E945-28B7-47A5-9D8C-976918ECD58C}.Release|x64.ActiveCfg = Release|x64
		{0112E945-28B7-47A5-9D8C-976918ECD58C}.Release|x64.Build.0 = Release|x64
		{0112E945-28B7-47A5-9D8C-976918ECD58C}.Template|Win32.ActiveCfg = Release|x64
		{0112E945-28B7-47A5-9D8C-976918ECD58C}.Template|x64.ActiveCfg = Release|x64
		{0112E945-28B7-47A5-9D8C-976918ECD58C}.Template|x64.Build.0 = Release|x64
		{1A424BEC-C109-45F8-90C8-0B23A5260BC6}.Debug|Win32.ActiveCfg = Debug|Win32
		{1A424BEC-C109-45F8-90C8-0B23A5260BC6}.Debug|Win32.Build.0 = Debug|Win32
		{1A424BEC-C109-45F8-90C8-0B23A5260BC6}.Debug|x64.ActiveCfg = Debug|x64
		{1A424BEC-C109-45F8-90C8-0B23A5260BC6}.Debug|x64.Build.0 = Debug|x64
		{1A424BEC-C109-45F8-90C8-0B23A5260BC6}.DLL ASM Debug|Win32.ActiveCfg = Debug|Win32
		{1A424BEC-C109-45F8-90C8-0B23A5260BC6}.DLL ASM Debug|Win32.Build.0 = Debug|Win32
		{1A424BEC-C109-45F8-90C8-0B23A5260BC6}.DLL ASM Debug|x64.ActiveCfg = Debug|x64
		{1A424BEC-C109-45F8-90C8-0B23A5260BC6}.DLL ASM Debug|x64.Build.0 = Debug|x64
		{1A424BEC-C109-45F8-90C8-0B23A5260BC6}.DLL ASM Release|Win32.ActiveCfg = Release|Win32
		{1A424BEC-C109-45F8-90C8-0B23A5260BC6}.DLL ASM Release|Win32.Build.0 = Release|Win32
		{1A424BEC-C109-45F8-90C8-0B23A5260BC6}.DLL ASM Release|x64.ActiveCfg = Release|x64
		{1A424BEC-C109-45F8-90C8-0B23A5260BC6}.DLL ASM Release|x64.Build.0 = Release|x64
		{1A424BEC-C109-45F8-90C8-0B23A5260BC6}.DLL Debug|Win32.ActiveCfg = Debug|Win32
		{1A424BEC-C109-45F8-90C8-0B23A5260BC6}.DLL Debug|Win32.Build.0 = Debug|Win32
		{1A424BEC-C109-45F8-90C8-0B23A5260BC6}.DLL Debug|x64.ActiveCfg = Debug|x64
		{1A424BEC-C109-45F8-90C8-0B23A5260BC6}.DLL Debug|x64.Build.0 = Debug|x64
		{1A424BEC-C109-45F8-90C8-0B23A5260BC6}.DLL Release|Win32.ActiveCfg = Release|Win32
		{1A424BEC-C109-45F8-90C8-0B23A5260BC6}.DLL Release|Win32.Build.0 = Release|Win32
		{1A424BEC-C109-45F8-90C8-0B23A5260BC6}.DLL Release|x64.ActiveCfg = Release|x64
		{1A424BEC-C109-45F8-90C8-0B23A5260BC6}.DLL Release|x64.Build.0 = Release|x64
		{1A424BEC-C109-45F8-90C8-0B23A5260BC6}.LIB ASM Debug|Win32.ActiveCfg = Debug|Win32
		{1A424BEC-C109-45F8-90C8-0B23A5260BC6}.LIB ASM Debug|Win32.Build.0 = Debug|Win32
		{1A424BEC-C109-45F8-90C8-0B23A5260BC6}.LIB ASM Debug|x64.ActiveCfg = Debug|x64
		{1A424BEC-C109-45F8-90C8-0B23A5260BC6}.LIB ASM Debug|x64.Build.0 = Debug|x64
		{1A424BEC-C109-45F8-90C8-0B23A5260BC6}.LIB ASM Release|Win32.ActiveCfg = Release|Win32
		{1A424BEC-C109-45F8-90C8-0B23A5260BC6}.LIB ASM Release|Win32.Build.0 = Release|Win32
		{1A424BEC-C109-45F8-90C8-0B23A5260BC6}.LIB ASM Release|x64.ActiveCfg = Release|x64
		{1A424BEC-C109-45F8-90C8-0B23A5260BC6}.LIB ASM Release|x64.Build.0 = Release|x64
		{1A424BEC-C109-45F8-90C8-0B23A5260BC6}.LIB Debug|Win32.ActiveCfg = Debug|Win32
		{1A424BEC-C109-45F8-90C8-0B23A5260BC6}.LIB Debug|Win32.Build.0 = Debug|Win32
		{1A424BEC-C109-45F8-90C8-0B23A5260BC6}.LIB Debug|x64.ActiveCfg = Debug|x64
		{1A424BEC-C109-45F8-90C8-0B23A5260BC6}.LIB Debug|x64.Build.0 = Debug|x64
		{1A424BEC-C109-45F8-90C8-0B23A5260BC6}.LIB Release|Win32.ActiveCfg = Release|Win32
		{1A424BEC-C109-45F8-90C8-0B23A5260BC6}.LIB Release|Win32.Build.0 = Release|Win32
		{1A424BEC-C109-45F8-90C8-0B23A5260BC6}.LIB Release|x64.ActiveCfg = Release|x64
		{1A424BEC-C109-45F8-90C8-0B23A5260BC6}.LIB Release|x64.Build.0 = Release|x64
		{1A424BEC-C109-45F8-90C8-0B23A5260BC6}.Release|Win32.ActiveCfg = Release|Win32
		{1A424BEC-C109-45F8-90C8-0B23A5260BC6}.Release|Win32.Build.0 = Release|Win32
		{1A424BEC-C109-45F8-90C8-0B23A5260BC6}.Release|x64.ActiveCfg = Release|x64
		{1A424BEC-C109-45F8-90C8-0B23A5260BC6}.Release|x64.Build.0 = Release|x64
		{1A424BEC-C109-45F8-90C8-0B23A5260BC6}.Template|Win32.ActiveCfg = Release|x64
		{1A424BEC-C109-45F8-90C8-0B23A5260BC6}.Template|x64.ActiveCfg = Release|x64
		{1A424BEC-C109-45F8-90C8-0B23A5260BC6}.Template|x64.Build.0 = Release|x64
		{4229715E-576D-4932-98D7-6B48BD24E801}.Debug|Win32.ActiveCfg = Debug|Win32
		{4229715E-576D-4932-98D7-6B48BD24E801}.Debug|x64.ActiveCfg = Debug|x64
		{4229715E-576D-4932-98D7-6B48BD24E801}.DLL ASM Debug|Win32.ActiveCfg = Debug|Win32
		{4229715E-576D-4932-98D7-6B48BD24E801}.DLL ASM Debug|x64.ActiveCfg = Debug|x64
		{4229715E-576D-4932-98D7-6B48BD24E801}.DLL ASM Release|Win32.ActiveCfg = Release|Win32
		{4229715E-576D-4932-98D7-6B48BD24E801}.DLL ASM Release|x64.ActiveCfg = Release|x64
		{4229715E-576D-4932-98D7-6B48BD24E801}.DLL Debug|Win32.ActiveCfg = Debug|Win32
		{4229715E-576D-4932-98D7-6B48BD24E801}.DLL Debug|x64.ActiveCfg = Debug|x64
		{4229715E-576D-4932-98D7-6B48BD24E801}.DLL Release|Win32.ActiveCfg = Release|Win32
		{4229715E-576D-4932-98D7-6B48BD24E801}.DLL Release|x64.ActiveCfg = Release|x64
		{4229715E-576D-4932-98D7-6B48BD24E801}.LIB ASM Debug|Win32.ActiveCfg = Debug|Win32
		{4229715E-576D-4932-98D7-6B48BD24E801}.LIB ASM Debug|x64.ActiveCfg = Debug|x64
		{4229715E-576D-4932-98D7-6B48BD24E801}.LIB ASM Release|Win32.ActiveCfg = Release|Win32
		{4229715E-576D-4932-98D7-6B48BD24E801}.LIB ASM Release|x64.ActiveCfg = Release|x64
		{4229715E-576D-4932-98D7-6B48BD24E801}.LIB Debug|Win32.ActiveCfg = Debug|Win32
		{4229715E-576D-4932-98D7-6B48BD24E801}.LIB Debug|x64.ActiveCfg = Debug|x64
		{4229715E-576D-4932-98D7-6B48BD24E801}.LIB Release|Win32.ActiveCfg = Release|Win32
		{4229715E-576D-4932-98D7-6B48BD24E801}.LIB Release|x64.ActiveCfg = Release|x64
		{4229715E-576D-4932-98D7-6B48BD24E801}.Release|Win32.ActiveCfg = Release|Win32
		{4229715E-576D-4932-98D7-6B48BD24E801}.Release|x64.ActiveCfg = Release|x64
		{4229715E-576D-4932-98D7-6B48BD24E801}.Template|Win32.ActiveCfg = Release|x64
		{4229715E-576D-4932-98D7-6B48BD24E801}.Template|x64.ActiveCfg = Release|x64
		{FE826D92-C3DF-4BF2-89FF-E85607FAC28D}.Debug|Win32.ActiveCfg = Debug|Win32
		{FE826D92-C3DF-4BF2-89FF-E85607FAC28D}.Debug|x64.ActiveCfg = Debug|x64
		{FE826D92-C3DF-4BF2-89FF-E85607FAC28D}.DLL ASM Debug|Win32.ActiveCfg = Debug|Win32
		{FE826D92-C3DF-4BF2-89FF-E85607FAC28D}.DLL ASM Debug|x64.ActiveCfg = Debug|x64
		{FE826D92-C3DF-4BF2-89FF-E85607FAC28D}.DLL ASM Release|Win32.ActiveCfg = Release|Win32
		{FE826D92-C3DF-4BF2-89FF-E85607FAC28D}.DLL ASM Release|x64.ActiveCfg = Release|x64
		{FE826D92-C3DF-4BF2-89FF-E85607FAC28D}.DLL Debug|Win32.ActiveCfg = Debug|Win32
		{FE826D92-C3DF-4BF2-89FF-E85607FAC28D}.DLL Debug|x64.ActiveCfg = Debug|x64
		{FE826D92-C3DF-4BF2-89FF-E85607FAC28D}.DLL Release|Win32.ActiveCfg = Release|Win32
		{FE826D92-C3DF-4BF2-89FF-E85607FAC28D}.DLL Release|x64.ActiveCfg = Release|x64
		{FE826D92-C3DF-4BF2-89FF-E85607FAC28D}.LIB ASM Debug|Win32.ActiveCfg = Debug|Win32
		{FE826D92-C3DF-4BF2-89FF-E85607FAC28D}.LIB ASM Debug|x64.ActiveCfg = Debug|x64
		{FE826D92-C3DF-4BF2-89FF-E85607FAC28D}.LIB ASM Release|Win32.ActiveCfg = Release|Win32
		{FE826D92-C3DF-4BF2-89FF-E85607FAC28D}.LIB ASM Release|x64.ActiveCfg = Release|x64
		{FE826D92-C3DF-4BF2-89FF-E85607FAC28D}.LIB Debug|Win32.ActiveCfg = Debug|Win32
		{FE826D92-C3DF-4BF2-89FF-E85607FAC28D}.LIB Debug|x64.ActiveCfg = Debug|x64
		{FE826D92-C3DF-4BF2-89FF-E85607FAC28D}.LIB Release|Win32.ActiveCfg = Release|Win32
		{FE826D92-C3DF-4BF2-89FF-E85607FAC28D}.LIB Release|x64.ActiveCfg = Release|x64
		{FE826D92-C3DF-4BF2-89FF-E85607FAC28D}.Release|Win32.ActiveCfg = Release|Win32
		{FE826D92-C3DF-4BF2-89FF-E85607FAC28D}.Release|x64.ActiveCfg = Release|x64
		{FE826D92-C3DF-4BF2-89FF-E85607FAC28D}.Template|Win32.ActiveCfg = Release|x64
		{FE826D92-C3DF-4BF2-89FF-E85607FAC28D}.Template|x64.ActiveCfg = Release|x64
		{AA2672AE-79AF-4927-BC6F-E0658D588ED2}.Debug|Win32.ActiveCfg = Debug|Win32
		{AA2672AE-79AF-4927-BC6F-E0658D588ED2}.Debug|Win32.Build.0 = Debug|Win32
		{AA2672AE-79AF-4927-BC6F-E0658D588ED2}.Debug|x64.ActiveCfg = Debug|x64
		{AA2672AE-79AF-4927-BC6F-E0658D588ED2}.Debug|x64.Build.0 = Debug|x64
		{AA2672AE-79AF-4927-BC6F-E0658D588ED2}.DLL ASM Debug|Win32.ActiveCfg = Debug|Win32
		{AA2672AE-79AF-4927-BC6F-E0658D588ED2}.DLL ASM Debug|x64.ActiveCfg = Debug|x64
		{AA2672AE-79AF-4927-BC6F-E0658D588ED2}.DLL ASM Release|Win32.ActiveCfg = Release|Win32
		{AA2672AE-79AF-4927-BC6F-E0658D588ED2}.DLL ASM Release|x64.ActiveCfg = Release|x64
		{AA2672AE-79AF-4927-BC6F-E0658D588ED2}.DLL Debug|Win32.ActiveCfg = Debug|Win32
		{AA2672AE-79AF-4927-BC6F-E0658D588ED2}.DLL Debug|x64.ActiveCfg = Debug|x64
		{AA2672AE-79AF-4927-BC6F-E0658D588ED2}.DLL Release|Win32.ActiveCfg = Release|Win32
		{AA2672AE-79AF-4927-BC6F-E0658D588ED2}.DLL Release|x64.ActiveCfg = Release|x64
		{AA2672AE-79AF-4927-BC6F-E0658D588ED2}.LIB ASM Debug|Win32.ActiveCfg = Debug|Win32
		{AA2672AE-79AF-4927-BC6F-E0658D588ED2}.LIB ASM Debug|x64.ActiveCfg = Debug|x64
		{AA2672AE-79AF-4927-BC6F-E0658D588ED2}.LIB ASM Release|Win32.ActiveCfg = Release|Win32
		{AA2672AE-79AF-4927-BC6F-E0658D588ED2}.LIB ASM Release|x64.ActiveCfg = Release|x64
		{AA2672AE-79AF-4927-BC6F-E0658D588ED2}.LIB Debug|Win32.ActiveCfg = Debug|Win32
		{AA2672AE-79AF-4927-BC6F-E0658D588ED2}.LIB Debug|x64.ActiveCfg = Debug|x64
		{AA2672AE-79AF-4927-BC6F-E0658D588ED2}.LIB Release|Win32.ActiveCfg = Release|Win32
		{AA2672AE-79AF-4927-BC6F-E0658D588ED2}.LIB Release|x64.ActiveCfg = Release|x64
		{AA2672AE-79AF-4927-BC6F-E0658D588ED2}.Release|Win32.ActiveCfg = Release|Win32
		{AA2672AE-79AF-4927-BC6F-E0658D588ED2}.Release|Win32.Build.0 = Release|Win32
		{AA2672AE-79AF-4927-BC6F-E0658D588ED2}.Release|x64.ActiveCfg = Release|x64
		{AA2672AE-79AF-4927-BC6F-E0658D588ED2}.Release|x64.Build.0 = Release|x64
		{AA2672AE-79AF-4927-BC6F-E0658D588ED2}.Template|Win32.ActiveCfg = Release|x64
		{AA2672AE-79AF-4927-BC6F-E0658D588ED2}.Template|x64.ActiveCfg = Release|x64
		{0AC1B896-CA75-4D0D-9A43-B4D1B31B8863}.Debug|Win32.ActiveCfg = Debug|Win32
		{0AC1B896-CA75-4D0D-9A43-B4D1B31B8863}.Debug|x64.ActiveCfg = Debug|x64
		{0AC1B896-CA75-4D0D-9A43-B4D1B31B8863}.Debug|x64.Build.0 = Debug|x64
		{0AC1B896-CA75-4D0D-9A43-B4D1B31B8863}.DLL ASM Debug|Win32.ActiveCfg = Debug|Win32
		{0AC1B896-CA75-4D0D-9A43-B4D1B31B8863}.DLL ASM Debug|x64.ActiveCfg = Debug|x64
		{0AC1B896-CA75-4D0D-9A43-B4D1B31B8863}.DLL ASM Release|Win32.ActiveCfg = Release|Win32
		{0AC1B896-CA75-4D0D-9A43-B4D1B31B8863}.DLL ASM Release|x64.ActiveCfg = Release|x64
		{0AC1B896-CA75-4D0D-9A43-B4D1B31B8863}.DLL Debug|Win32.ActiveCfg = Debug|Win32
		{0AC1B896-CA75-4D0D-9A43-B4D1B31B8863}.DLL Debug|x64.ActiveCfg = Debug|x64
		{0AC1B896-CA75-4D0D-9A43-B4D1B31B8863}.DLL Release|Win32.ActiveCfg = Release|Win32
		{0AC1B896-CA75-4D0D-9A43-B4D1B31B8863}.DLL Release|x64.ActiveCfg = Release|x64
		{0AC1B896-CA75-4D0D-9A43-B4D1B31B8863}.LIB ASM Debug|Win32.ActiveCfg = Debug|Win32
		{0AC1B896-CA75-4D0D-9A43-B4D1B31B8863}.LIB ASM Debug|x64.ActiveCfg = Debug|x64
		{0AC1B896-CA75-4D0D-9A43-B4D1B31B8863}.LIB ASM Release|Win32.ActiveCfg = Release|Win32
		{0AC1B896-CA75-4D0D-9A43-B4D1B31B8863}.LIB ASM Release|x64.ActiveCfg = Release|x64
		{0AC1B896-CA75-4D0D-9A43-B4D1B31B8863}.LIB Debug|Win32.ActiveCfg = Debug|Win32
		{0AC1B896-CA75-4D0D-9A43-B4D1B31B8863}.LIB Debug|x64.ActiveCfg = Debug|x64
		{0AC1B896-CA75-4D0D-9A43-B4D1B31B8863}.LIB Release|Win32.ActiveCfg = Release|Win32
		{0AC1B896-CA75-4D0D-9A43-B4D1B31B8863}.LIB Release|x64.ActiveCfg = Release|x64
		{0AC1B896-CA75-4D0D-9A43-B4D1B31B8863}.Release|Win32.ActiveCfg = Release|Win32
		{0AC1B896-CA75-4D0D-9A43-B4D1B31B8863}.Release|Win32.Build.0 = Release|Win32
		{0AC1B896-CA75-4D0D-9A43-B4D1B31B8863}.Release|x64.ActiveCfg = Release|x64
		{0AC1B896-CA75-4D0D-9A43-B4D1B31B8863}.Release|x64.Build.0 = Release|x64
		{0AC1B896-CA75-4D0D-9A43-B4D1B31B8863}.Template|Win32.ActiveCfg = Release|x64
		{0AC1B896-CA75-4D0D-9A43-B4D1B31B8863}.Template|x64.ActiveCfg = Release|x64
		{E6E578BC-6936-451A-90F2-811C5EE5F82F}.Debug|Win32.ActiveCfg = Debug|Win32
		{E6E578BC-6936-451A-90F2-811C5EE5F82F}.Debug|Win32.Build.0 = Debug|Win32
		{E6E578BC-6936-451A-90F2-811C5EE5F82F}.Debug|x64.ActiveCfg = Debug|x64
		{E6E578BC-6936-451A-90F2-811C5EE5F82F}.Debug|x64.Build.0 = Debug|x64
		{E6E578BC-6936-451A-90F2-811C5EE5F82F}.DLL ASM Debug|Win32.ActiveCfg = Debug|Win32
		{E6E578BC-6936-451A-90F2-811C5EE5F82F}.DLL ASM Debug|Win32.Build.0 = Debug|Win32
		{E6E578BC-6936-451A-90F2-811C5EE5F82F}.DLL ASM Debug|x64.ActiveCfg = Debug|x64
		{E6E578BC-6936-451A-90F2-811C5EE5F82F}.DLL ASM Debug|x64.Build.0 = Debug|x64
		{E6E578BC-6936-451A-90F2-811C5EE5F82F}.DLL ASM Release|Win32.ActiveCfg = Release|Win32
		{E6E578BC-6936-451A-90F2-811C5EE5F82F}.DLL ASM Release|Win32.Build.0 = Release|Win32
		{E6E578BC-6936-451A-90F2-811C5EE5F82F}.DLL ASM Release|x64.ActiveCfg = Release|x64
		{E6E578BC-6936-451A-90F2-811C5EE5F82F}.DLL ASM Release|x64.Build.0 = Release|x64
		{E6E578BC-6936-451A-90F2-811C5EE5F82F}.DLL Debug|Win32.ActiveCfg = Debug|Win32
		{E6E578BC-6936-451A-90F2-811C5EE5F82F}.DLL Debug|Win32.Build.0 = Debug|Win32
		{E6E578BC-6936-451A-90F2-811C5EE5F82F}.DLL Debug|x64.ActiveCfg = Debug|x64
		{E6E578BC-6936-451A-90F2-811C5EE5F82F}.DLL Debug|x64.Build.0 = Debug|x64
		{E6E578BC-6936-451A-90F2-811C5EE5F82F}.DLL Release|Win32.ActiveCfg = Release|Win32
		{E6E578BC-6936-451A-90F2-811C5EE5F82F}.DLL Release|Win32.Build.0 = Release|Win32
		{E6E578BC-6936-451A-90F2-811C5EE5F82F}.DLL Release|x64.ActiveCfg = Release|x64
		{E6E578BC-6936-451A-90F2-811C5EE5F82F}.DLL Release|x64.Build.0 = Release|x64
		{E6E578BC-6936-451A-90F2-811C5EE5F82F}.LIB ASM Debug|Win32.ActiveCfg = Debug|Win32
		{E6E578BC-6936-451A-90F2-811C5EE5F82F}.LIB ASM Debug|Win32.Build.0 = Debug|Win32
		{E6E578BC-6936-451A-90F2-811C5EE5F82F}.LIB ASM Debug|x64.ActiveCfg = Debug|x64
		{E6E578BC-6936-451A-90F2-811C5EE5F82F}.LIB ASM Debug|x64.Build.0 = Debug|x64
		{E6E578BC-6936-451A-90F2-811C5EE5F82F}.LIB ASM Release|Win32.ActiveCfg = Release|Win32
		{E6E578BC-6936-451A-90F2-811C5EE5F82F}.LIB ASM Release|Win32.Build.0 = Release|Win32
		{E6E578BC-6936-451A-90F2-811C5EE5F82F}.LIB ASM Release|x64.ActiveCfg = Release|x64
		{E6E578BC-6936-451A-90F2-811C5EE5F82F}.LIB ASM Release|x64.Build.0 = Release|x64
		{E6E578BC-6936-451A-90F2-811C5EE5F82F}.LIB Debug|Win32.ActiveCfg = Debug|Win32
		{E6E578BC-6936-451A-90F2-811C5EE5F82F}.LIB Debug|Win32.Build.0 = Debug|Win32
		{E6E578BC-6936-451A-90F2-811C5EE5F82F}.LIB Debug|x64.ActiveCfg = Debug|x64
		{E6E578BC-6936-451A-90F2-811C5EE5F82F}.LIB Debug|x64.Build.0 = Debug|x64
		{E6E578BC-6936-451A-90F2-811C5EE5F82F}.LIB Release|Win32.ActiveCfg = Release|Win32
		{E6E578BC-6936-451A-90F2-811C5EE5F82F}.LIB Release|Win32.Build.0 = Release|Win32
		{E6E578BC-6936-451A-90F2-811C5EE5F82F}.LIB Release|x64.ActiveCfg = Release|x64
		{E6E578BC-6936-451A-90F2-811C5EE5F82F}.LIB Release|x64.Build.0 = Release|x64
		{E6E578BC-6936-451A-90F2-811C5EE5F82F}.Release|Win32.ActiveCfg = Release|Win32
		{E6E578BC-6936-451A-90F2-811C5EE5F82F}.Release|Win32.Build.0 = Release|Win32
		{E6E578BC-6936-451A-90F2-811C5EE5F82F}.Release|x64.ActiveCfg = Release|x64
		{E6E578BC-6936-451A-90F2-811C5EE5F82F}.Release|x64.Build.0 = Release|x64
		{E6E578BC-6936-451A-90F2-811C5EE5F82F}.Template|Win32.ActiveCfg = Release|x64
		{E6E578BC-6936-451A-90F2-811C5EE5F82F}.Template|x64.ActiveCfg = Release|x64
		{E6E578BC-6936-451A-90F2-811C5EE5F82F}.Template|x64.Build.0 = Release|x64
		{30D7C283-4016-48E9-BF8D-017DA4A57E2F}.Debug|Win32.ActiveCfg = Debug|Win32
		{30D7C283-4016-48E9-BF8D-017DA4A57E2F}.Debug|Win32.Build.0 = Debug|Win32
		{30D7C283-4016-48E9-BF8D-017DA4A57E2F}.Debug|x64.ActiveCfg = Debug|x64
		{30D7C283-4016-48E9-BF8D-017DA4A57E2F}.Debug|x64.Build.0 = Debug|x64
		{30D7C283-4016-48E9-BF8D-017DA4A57E2F}.DLL ASM Debug|Win32.ActiveCfg = Debug|Win32
		{30D7C283-4016-48E9-BF8D-017DA4A57E2F}.DLL ASM Debug|Win32.Build.0 = Debug|Win32
		{30D7C283-4016-48E9-BF8D-017DA4A57E2F}.DLL ASM Debug|x64.ActiveCfg = Debug|x64
		{30D7C283-4016-48E9-BF8D-017DA4A57E2F}.DLL ASM Debug|x64.Build.0 = Debug|x64
		{30D7C283-4016-48E9-BF8D-017DA4A57E2F}.DLL ASM Release|Win32.ActiveCfg = Release|Win32
		{30D7C283-4016-48E9-BF8D-017DA4A57E2F}.DLL ASM Release|Win32.Build.0 = Release|Win32
		{30D7C283-4016-48E9-BF8D-017DA4A57E2F}.DLL ASM Release|x64.ActiveCfg = Release|x64
		{30D7C283-4016-48E9-BF8D-017DA4A57E2F}.DLL ASM Release|x64.Build.0 = Release|x64
		{30D7C283-4016-48E9-BF8D-017DA4A57E2F}.DLL Debug|Win32.ActiveCfg = Debug|Win32
		{30D7C283-4016-48E9-BF8D-017DA4A57E2F}.DLL Debug|Win32.Build.0 = Debug|Win32
		{30D7C283-4016-48E9-BF8D-017DA4A57E2F}.DLL Debug|x64.ActiveCfg = Debug|x64
		{30D7C283-4016-48E9-BF8D-017DA4A57E2F}.DLL Debug|x64.Build.0 = Debug|x64
		{30D7C283-4016-48E9-BF8D-017DA4A57E2F}.DLL Release|Win32.ActiveCfg = Release|Win32
		{30D7C283-4016-48E9-BF8D-017DA4A57E2F}.DLL Release|Win32.Build.0 = Release|Win32
		{30D7C283-4016-48E9-BF8D-017DA4A57E2F}.DLL Release|x64.ActiveCfg = Release|x64
		{30D7C283-4016-48E9-BF8D-017DA4A57E2F}.DLL Release|x64.Build.0 = Release|x64
		{30D7C283-4016-48E9-BF8D-017DA4A57E2F}.LIB ASM Debug|Win32.ActiveCfg = Debug|Win32
		{30D7C283-4016-48E9-BF8D-017DA4A57E2F}.LIB ASM Debug|Win32.Build.0 = Debug|Win32
		{30D7C283-4016-48E9-BF8D-017DA4A57E2F}.LIB ASM Debug|x64.ActiveCfg = Debug|x64
		{30D7C283-4016-48E9-BF8D-017DA4A57E2F}.LIB ASM Debug|x64.Build.0 = Debug|x64
		{30D7C283-4016-48E9-BF8D-017DA4A57E2F}.LIB ASM Release|Win32.ActiveCfg = Release|Win32
		{30D7C283-4016-48E9-BF8D-017DA4A57E2F}.LIB ASM Release|Win32.Build.0 = Release|Win32
		{30D7C283-4016-48E9-BF8D-017DA4A57E2F}.LIB ASM Release|x64.ActiveCfg = Release|x64
		{30D7C283-4016-48E9-BF8D-017DA4A57E2F}.LIB ASM Release|x64.Build.0 = Release|x64
		{30D7C283-4016-48E9-BF8D-017DA4A57E2F}.LIB Debug|Win32.ActiveCfg = Debug|Win32
		{30D7C283-4016-48E9-BF8D-017DA4A57E2F}.LIB Debug|Win32.Build.0 = Debug|Win32
		{30D7C283-4016-48E9-BF8D-017DA4A57E2F}.LIB Debug|x64.ActiveCfg = Debug|x64
		{30D7C283-4016-48E9-BF8D-017DA4A57E2F}.LIB Debug|x64.Build.0 = Debug|x64
		{30D7C283-4016-48E9-BF8D-017DA4A57E2F}.LIB Release|Win32.ActiveCfg = Release|Win32
		{30D7C283-4016-48E9-BF8D-017DA4A57E2F}.LIB Release|Win32.Build.0 = Release|Win32
		{30D7C283-4016-48E9-BF8D-017DA4A57E2F}.LIB Release|x64.ActiveCfg = Release|x64
		{30D7C283-4016-48E9-BF8D-017DA4A57E2F}.LIB Release|x64.Build.0 = Release|x64
		{30D7C283-4016-48E9-BF8D-017DA4A57E2F}.Release|Win32.ActiveCfg = Release|Win32
		{30D7C283-4016-48E9-BF8D-017DA4A57E2F}.Release|Win32.Build.0 = Release|Win32
		{30D7C283-4016-48E9-BF8D-017DA4A57E2F}.Release|x64.ActiveCfg = Release|x64
		{30D7C283-4016-48E9-BF8D-017DA4A57E2F}.Release|x64.Build.0 = Release|x64
		{30D7C283-4016-48E9-BF8D-017DA4A57E2F}.Template|Win32.ActiveCfg = Release|x64
		{30D7C283-4016-48E9-BF8D-017DA4A57E2F}.Template|x64.ActiveCfg = Release|x64
		{30D7C283-4016-48E9-BF8D-017DA4A57E2F}.Template|x64.Build.0 = Release|x64
		{27FB49DA-71AD-4A54-8038-10401A64A135}.Debug|Win32.ActiveCfg = Debug|Win32
		{27FB49DA-71AD-4A54-8038-10401A64A135}.Debug|Win32.Build.0 = Debug|Win32
		{27FB49DA-71AD-4A54-8038-10401A64A135}.Debug|x64.ActiveCfg = Debug|x64
		{27FB49DA-71AD-4A54-8038-10401A64A135}.Debug|x64.Build.0 = Debug|x64
		{27FB49DA-71AD-4A54-8038-10401A64A135}.DLL ASM Debug|Win32.ActiveCfg = Debug|Win32
		{27FB49DA-71AD-4A54-8038-10401A64A135}.DLL ASM Debug|Win32.Build.0 = Debug|Win32
		{27FB49DA-71AD-4A54-8038-10401A64A135}.DLL ASM Debug|x64.ActiveCfg = Debug|x64
		{27FB49DA-71AD-4A54-8038-10401A64A135}.DLL ASM Debug|x64.Build.0 = Debug|x64
		{27FB49DA-71AD-4A54-8038-10401A64A135}.DLL ASM Release|Win32.ActiveCfg = Release|Win32
		{27FB49DA-71AD-4A54-8038-10401A64A135}.DLL ASM Release|Win32.Build.0 = Release|Win32
		{27FB49DA-71AD-4A54-8038-10401A64A135}.DLL ASM Release|x64.ActiveCfg = Release|x64
		{27FB49DA-71AD-4A54-8038-10401A64A135}.DLL ASM Release|x64.Build.0 = Release|x64
		{27FB49DA-71AD-4A54-8038-10401A64A135}.DLL Debug|Win32.ActiveCfg = Debug|Win32
		{27FB49DA-71AD-4A54-8038-10401A64A135}.DLL Debug|Win32.Build.0 = Debug|Win32
		{27FB49DA-71AD-4A54-8038-10401A64A135}.DLL Debug|x64.ActiveCfg = Debug|x64
		{27FB49DA-71AD-4A54-8038-10401A64A135}.DLL Debug|x64.Build.0 = Debug|x64
		{27FB49DA-71AD-4A54-8038-10401A64A135}.DLL Release|Win32.ActiveCfg = Release|Win32
		{27FB49DA-71AD-4A54-8038-10401A64A135}.DLL Release|Win32.Build.0 = Release|Win32
		{27FB49DA-71AD-4A54-8038-10401A64A135}.DLL Release|x64.ActiveCfg = Release|x64
		{27FB49DA-71AD-4A54-8038-10401A64A135}.DLL Release|x64.Build.0 = Release|x64
		{27FB49DA-71AD-4A54-8038-10401A64A135}.LIB ASM Debug|Win32.ActiveCfg = Debug|Win32
		{27FB49DA-71AD-4A54-8038-10401A64A135}.LIB ASM Debug|Win32.Build.0 = Debug|Win32
		{27FB49DA-71AD-4A54-8038-10401A64A135}.LIB ASM Debug|x64.ActiveCfg = Debug|x64
		{27FB49DA-71AD-4A54-8038-10401A64A135}.LIB ASM Debug|x64.Build.0 = Debug|x64
		{27FB49DA-71AD-4A54-8038-10401A64A135}.LIB ASM Release|Win32.ActiveCfg = Release|Win32
		{27FB49DA-71AD-4A54-8038-10401A64A135}.LIB ASM Release|Win32.Build.0 = Release|Win32
		{27FB49DA-71AD-4A54-8038-10401A64A135}.LIB ASM Release|x64.ActiveCfg = Release|x64
		{27FB49DA-71AD-4A54-8038-10401A64A135}.LIB ASM Release|x64.Build.0 = Release|x64
		{27FB49DA-71AD-4A54-8038-10401A64A135}.LIB Debug|Win32.ActiveCfg = Debug|Win32
		{27FB49DA-71AD-4A54-8038-10401A64A135}.LIB Debug|Win32.Build.0 = Debug|Win32
		{27FB49DA-71AD-4A54-8038-10401A64A135}.LIB Debug|x64.ActiveCfg = Debug|x64
		{27FB49DA-71AD-4A54-8038-10401A64A135}.LIB Debug|x64.Build.0 = Debug|x64
		{27FB49DA-71AD-4A54-8038-10401A64A135}.LIB Release|Win32.ActiveCfg = Release|Win32
		{27FB49DA-71AD-4A54-8038-10401A64A135}.LIB Release|Win32.Build.0 = Release|Win32
		{27FB49DA-71AD-4A54-8038-10401A64A135}.LIB Release|x64.ActiveCfg = Release|x64
		{27FB49DA-71AD-4A54-8038-10401A64A135}.LIB Release|x64.Build.0 = Release|x64
		{27FB49DA-71AD-4A54-8038-10401A64A135}.Release|Win32.ActiveCfg = Release|Win32
		{27FB49DA-71AD-4A54-8038-10401A64A135}.Release|Win32.Build.0 = Release|Win32
		{27FB49DA-71AD-4A54-8038-10401A64A135}.Release|x64.ActiveCfg = Release|x64
		{27FB49DA-71AD-4A54-8038-10401A64A135}.Release|x64.Build.0 = Release|x64
		{27FB49DA-71AD-4A54-8038-10401A64A135}.Template|Win32.ActiveCfg = Release|x64
		{27FB49DA-71AD-4A54-8038-10401A64A135}.Template|x64.ActiveCfg = Release|x64
		{27FB49DA-71AD-4A54-8038-10401A64A135}.Template|x64.Build.0 = Release|x64
		{0C763797-B0EE-4AD5-AD7A-4544FC16B7A7}.Debug|Win32.ActiveCfg = Debug|Win32
		{0C763797-B0EE-4AD5-AD7A-4544FC16B7A7}.Debug|Win32.Build.0 = Debug|Win32
		{0C763797-B0EE-4AD5-AD7A-4544FC16B7A7}.Debug|x64.ActiveCfg = Debug|x64
		{0C763797-B0EE-4AD5-AD7A-4544FC16B7A7}.Debug|x64.Build.0 = Debug|x64
		{0C763797-B0EE-4AD5-AD7A-4544FC16B7A7}.DLL ASM Debug|Win32.ActiveCfg = Debug|Win32
		{0C763797-B0EE-4AD5-AD7A-4544FC16B7A7}.DLL ASM Debug|Win32.Build.0 = Debug|Win32
		{0C763797-B0EE-4AD5-AD7A-4544FC16B7A7}.DLL ASM Debug|x64.ActiveCfg = Debug|x64
		{0C763797-B0EE-4AD5-AD7A-4544FC16B7A7}.DLL ASM Debug|x64.Build.0 = Debug|x64
		{0C763797-B0EE-4AD5-AD7A-4544FC16B7A7}.DLL ASM Release|Win32.ActiveCfg = Release|Win32
		{0C763797-B0EE-4AD5-AD7A-4544FC16B7A7}.DLL ASM Release|Win32.Build.0 = Release|Win32
		{0C763797-B0EE-4AD5-AD7A-4544FC16B7A7}.DLL ASM Release|x64.ActiveCfg = Release|x64
		{0C763797-B0EE-4AD5-AD7A-4544FC16B7A7}.DLL ASM Release|x64.Build.0 = Release|x64
		{0C763797-B0EE-4AD5-AD7A-4544FC16B7A7}.DLL Debug|Win32.ActiveCfg = Debug|Win32
		{0C763797-B0EE-4AD5-AD7A-4544FC16B7A7}.DLL Debug|Win32.Build.0 = Debug|Win32
		{0C763797-B0EE-4AD5-AD7A-4544FC16B7A7}.DLL Debug|x64.ActiveCfg = Debug|x64
		{0C763797-B0EE-4AD5-AD7A-4544FC16B7A7}.DLL Debug|x64.Build.0 = Debug|x64
		{0C763797-B0EE-4AD5-AD7A-4544FC16B7A7}.DLL Release|Win32.ActiveCfg = Release|Win32
		{0C763797-B0EE-4AD5-AD7A-4544FC16B7A7}.DLL Release|Win32.Build.0 = Release|Win32
		{0C763797-B0EE-4AD5-AD7A-4544FC16B7A7}.DLL Release|x64.ActiveCfg = Release|x64
		{0C763797-B0EE-4AD5-AD7A-4544FC16B7A7}.DLL Release|x64.Build.0 = Release|x64
		{0C763797-B0EE-4AD5-AD7A-4544FC16B7A7}.LIB ASM Debug|Win32.ActiveCfg = Debug|Win32
		{0C763797-B0EE-4AD5-AD7A-4544FC16B7A7}.LIB ASM Debug|Win32.Build.0 = Debug|Win32
		{0C763797-B0EE-4AD5-AD7A-4544FC16B7A7}.LIB ASM Debug|x64.ActiveCfg = Debug|x64
		{0C763797-B0EE-4AD5-AD7A-4544FC16B7A7}.LIB ASM Debug|x64.Build.0 = Debug|x64
		{0C763797-B0EE-4AD5-AD7A-4544FC16B7A7}.LIB ASM Release|Win32.ActiveCfg = Release|Win32
		{0C763797-B0EE-4AD5-AD7A-4544FC16B7A7}.LIB ASM Release|Win32.Build.0 = Release|Win32
		{0C763797-B0EE-4AD5-AD7A-4544FC16B7A7}.LIB ASM Release|x64.ActiveCfg = Release|x64
		{0C763797-B0EE-4AD5-AD7A-4544FC16B7A7}.LIB ASM Release|x64.Build.0 = Release|x64
		{0C763797-B0EE-4AD5-AD7A-4544FC16B7A7}.LIB Debug|Win32.ActiveCfg = Debug|Win32
		{0C763797-B0EE-4AD5-AD7A-4544FC16B7A7}.LIB Debug|Win32.Build.0 = Debug|Win32
		{0C763797-B0EE-4AD5-AD7A-4544FC16B7A7}.LIB Debug|x64.ActiveCfg = Debug|x64
		{0C763797-B0EE-4AD5-AD7A-4544FC16B7A7}.LIB Debug|x64.Build.0 = Debug|x64
		{0C763797-B0EE-4AD5-AD7A-4544FC16B7A7}.LIB Release|Win32.ActiveCfg = Release|Win32
		{0C763797-B0EE-4AD5-AD7A-4544FC16B7A7}.LIB Release|Win32.Build.0 = Release|Win32
		{0C763797-B0EE-4AD5-AD7A-4544FC16B7A7}.LIB Release|x64.ActiveCfg = Release|x64
		{0C763797-B0EE-4AD5-AD7A-4544FC16B7A7}.LIB Release|x64.Build.0 = Release|x64
		{0C763797-B0EE-4AD5-AD7A-4544FC16B7A7}.Release|Win32.ActiveCfg = Release|Win32
		{0C763797-B0EE-4AD5-AD7A-4544FC16B7A7}.Release|Win32.Build.0 = Release|Win32
		{0C763797-B0EE-4AD5-AD7A-4544FC16B7A7}.Release|x64.ActiveCfg = Release|x64
		{0C763797-B0EE-4AD5-AD7A-4544FC16B7A7}.Release|x64.Build.0 = Release|x64
		{0C763797-B0EE-4AD5-AD7A-4544FC16B7A7}.Template|Win32.ActiveCfg = Release|x64
		{0C763797-B0EE-4AD5-AD7A-4544FC16B7A7}.Template|x64.ActiveCfg = Release|x64
		{0C763797-B0EE-4AD5-AD7A-4544FC16B7A7}.Template|x64.Build.0 = Release|x64
		{D3D9205D-7C81-479D-977F-34D8DECF7395}.Debug|Win32.ActiveCfg = Debug|Win32
		{D3D9205D-7C81-479D-977F-34D8DECF7395}.Debug|Win32.Build.0 = Debug|Win32
		{D3D9205D-7C81-479D-977F-34D8DECF7395}.Debug|x64.ActiveCfg = Debug|x64
		{D3D9205D-7C81-479D-977F-34D8DECF7395}.Debug|x64.Build.0 = Debug|x64
		{D3D9205D-7C81-479D-977F-34D8DECF7395}.DLL ASM Debug|Win32.ActiveCfg = Debug|Win32
		{D3D9205D-7C81-479D-977F-34D8DECF7395}.DLL ASM Debug|Win32.Build.0 = Debug|Win32
		{D3D9205D-7C81-479D-977F-34D8DECF7395}.DLL ASM Debug|x64.ActiveCfg = Debug|x64
		{D3D9205D-7C81-479D-977F-34D8DECF7395}.DLL ASM Debug|x64.Build.0 = Debug|x64
		{D3D9205D-7C81-479D-977F-34D8DECF7395}.DLL ASM Release|Win32.ActiveCfg = Release|Win32
		{D3D9205D-7C81-479D-977F-34D8DECF7395}.DLL ASM Release|Win32.Build.0 = Release|Win32
		{D3D9205D-7C81-479D-977F-34D8DECF7395}.DLL ASM Release|x64.ActiveCfg = Release|x64
		{D3D9205D-7C81-479D-977F-34D8DECF7395}.DLL ASM Release|x64.Build.0 = Release|x64
		{D3D9205D-7C81-479D-977F-34D8DECF7395}.DLL Debug|Win32.ActiveCfg = Debug|Win32
		{D3D9205D-7C81-479D-977F-34D8DECF7395}.DLL Debug|Win32.Build.0 = Debug|Win32
		{D3D9205D-7C81-479D-977F-34D8DECF7395}.DLL Debug|x64.ActiveCfg = Debug|x64
		{D3D9205D-7C81-479D-977F-34D8DECF7395}.DLL Debug|x64.Build.0 = Debug|x64
		{D3D9205D-7C81-479D-977F-34D8DECF7395}.DLL Release|Win32.ActiveCfg = Release|Win32
		{D3D9205D-7C81-479D-977F-34D8DECF7395}.DLL Release|Win32.Build.0 = Release|Win32
		{D3D9205D-7C81-479D-977F-34D8DECF7395}.DLL Release|x64.ActiveCfg = Release|x64
		{D3D9205D-7C81-479D-977F-34D8DECF7395}.DLL Release|x64.Build.0 = Release|x64
		{D3D9205D-7C81-479D-977F-34D8DECF7395}.LIB ASM Debug|Win32.ActiveCfg = Debug|Win32
		{D3D9205D-7C81-479D-977F-34D8DECF7395}.LIB ASM Debug|Win32.Build.0 = Debug|Win32
		{D3D9205D-7C81-479D-977F-34D8DECF7395}.LIB ASM Debug|x64.ActiveCfg = Debug|x64
		{D3D9205D-7C81-479D-977F-34D8DECF7395}.LIB ASM Debug|x64.Build.0 = Debug|x64
		{D3D9205D-7C81-479D-977F-34D8DECF7395}.LIB ASM Release|Win32.ActiveCfg = Release|Win32
		{D3D9205D-7C81-479D-977F-34D8DECF7395}.LIB ASM Release|Win32.Build.0 = Release|Win32
		{D3D9205D-7C81-479D-977F-34D8DECF7395}.LIB ASM Release|x64.ActiveCfg = Release|x64
		{D3D9205D-7C81-479D-977F-34D8DECF7395}.LIB ASM Release|x64.Build.0 = Release|x64
		{D3D9205D-7C81-479D-977F-34D8DECF7395}.LIB Debug|Win32.ActiveCfg = Debug|Win32
		{D3D9205D-7C81-479D-977F-34D8DECF7395}.LIB Debug|Win32.Build.0 = Debug|Win32
		{D3D9205D-7C81-479D-977F-34D8DECF7395}.LIB Debug|x64.ActiveCfg = Debug|x64
		{D3D9205D-7C81-479D-977F-34D8DECF7395}.LIB Debug|x64.Build.0 = Debug|x64
		{D3D9205D-7C81-479D-977F-34D8DECF7395}.LIB Release|Win32.ActiveCfg = Release|Win32
		{D3D9205D-7C81-479D-977F-34D8DECF7395}.LIB Release|Win32.Build.0 = Release|Win32
		{D3D9205D-7C81-479D-977F-34D8DECF7395}.LIB Release|x64.ActiveCfg = Release|x64
		{D3D9205D-7C81-479D-977F-34D8DECF7395}.LIB Release|x64.Build.0 = Release|x64
		{D3D9205D-7C81-479D-977F-34D8DECF7395}.Release|Win32.ActiveCfg = Release|Win32
		{D3D9205D-7C81-479D-977F-34D8DECF7395}.Release|Win32.Build.0 = Release|Win32
		{D3D9205D-7C81-479D-977F-34D8DECF7395}.Release|x64.ActiveCfg = Release|x64
		{D3D9205D-7C81-479D-977F-34D8DECF7395}.Release|x64.Build.0 = Release|x64
		{D3D9205D-7C81-479D-977F-34D8DECF7395}.Template|Win32.ActiveCfg = Release|x64
		{D3D9205D-7C81-479D-977F-34D8DECF7395}.Template|x64.ActiveCfg = Release|x64
		{D3D9205D-7C81-479D-977F-34D8DECF7395}.Template|x64.Build.0 = Release|x64
		{F8337E6D-AA24-4D95-8BDB-7012762B2A70}.Debug|Win32.ActiveCfg = Debug|Win32
		{F8337E6D-AA24-4D95-8BDB-7012762B2A70}.Debug|Win32.Build.0 = Debug|Win32
		{F8337E6D-AA24-4D95-8BDB-7012762B2A70}.Debug|x64.ActiveCfg = Debug|x64
		{F8337E6D-AA24-4D95-8BDB-7012762B2A70}.Debug|x64.Build.0 = Debug|x64
		{F8337E6D-AA24-4D95-8BDB-7012762B2A70}.DLL ASM Debug|Win32.ActiveCfg = Debug|Win32
		{F8337E6D-AA24-4D95-8BDB-7012762B2A70}.DLL ASM Debug|Win32.Build.0 = Debug|Win32
		{F8337E6D-AA24-4D95-8BDB-7012762B2A70}.DLL ASM Debug|x64.ActiveCfg = Debug|x64
		{F8337E6D-AA24-4D95-8BDB-7012762B2A70}.DLL ASM Debug|x64.Build.0 = Debug|x64
		{F8337E6D-AA24-4D95-8BDB-7012762B2A70}.DLL ASM Release|Win32.ActiveCfg = Release|Win32
		{F8337E6D-AA24-4D95-8BDB-7012762B2A70}.DLL ASM Release|Win32.Build.0 = Release|Win32
		{F8337E6D-AA24-4D95-8BDB-7012762B2A70}.DLL ASM Release|x64.ActiveCfg = Release|x64
		{F8337E6D-AA24-4D95-8BDB-7012762B2A70}.DLL ASM Release|x64.Build.0 = Release|x64
		{F8337E6D-AA24-4D95-8BDB-7012762B2A70}.DLL Debug|Win32.ActiveCfg = Debug|Win32
		{F8337E6D-AA24-4D95-8BDB-7012762B2A70}.DLL Debug|Win32.Build.0 = Debug|Win32
		{F8337E6D-AA24-4D95-8BDB-7012762B2A70}.DLL Debug|x64.ActiveCfg = Debug|x64
		{F8337E6D-AA24-4D95-8BDB-7012762B2A70}.DLL Debug|x64.Build.0 = Debug|x64
		{F8337E6D-AA24-4D95-8BDB-7012762B2A70}.DLL Release|Win32.ActiveCfg = Release|Win32
		{F8337E6D-AA24-4D95-8BDB-7012762B2A70}.DLL Release|Win32.Build.0 = Release|Win32
		{F8337E6D-AA24-4D95-8BDB-7012762B2A70}.DLL Release|x64.ActiveCfg = Release|x64
		{F8337E6D-AA24-4D95-8BDB-7012762B2A70}.DLL Release|x64.Build.0 = Release|x64
		{F8337E6D-AA24-4D95-8BDB-7012762B2A70}.LIB ASM Debug|Win32.ActiveCfg = Debug|Win32
		{F8337E6D-AA24-4D95-8BDB-7012762B2A70}.LIB ASM Debug|Win32.Build.0 = Debug|Win32
		{F8337E6D-AA24-4D95-8BDB-7012762B2A70}.LIB ASM Debug|x64.ActiveCfg = Debug|x64
		{F8337E6D-AA24-4D95-8BDB-7012762B2A70}.LIB ASM Debug|x64.Build.0 = Debug|x64
		{F8337E6D-AA24-4D95-8BDB-7012762B2A70}.LIB ASM Release|Win32.ActiveCfg = Release|Win32
		{F8337E6D-AA24-4D95-8BDB-7012762B2A70}.LIB ASM Release|Win32.Build.0 = Release|Win32
		{F8337E6D-AA24-4D95-8BDB-7012762B2A70}.LIB ASM Release|x64.ActiveCfg = Release|x64
		{F8337E6D-AA24-4D95-8BDB-7012762B2A70}.LIB ASM Release|x64.Build.0 = Release|x64
		{F8337E6D-AA24-4D95-8BDB-7012762B2A70}.LIB Debug|Win32.ActiveCfg = Debug|Win32
		{F8337E6D-AA24-4D95-8BDB-7012762B2A70}.LIB Debug|Win32.Build.0 = Debug|Win32
		{F8337E6D-AA24-4D95-8BDB-7012762B2A70}.LIB Debug|x64.ActiveCfg = Debug|x64
		{F8337E6D-AA24-4D95-8BDB-7012762B2A70}.LIB Debug|x64.Build.0 = Debug|x64
		{F8337E6D-AA24-4D95-8BDB-7012762B2A70}.LIB Release|Win32.ActiveCfg = Release|Win32
		{F8337E6D-AA24-4D95-8BDB-7012762B2A70}.LIB Release|Win32.Build.0 = Release|Win32
		{F8337E6D-AA24-4D95-8BDB-7012762B2A70}.LIB Release|x64.ActiveCfg = Release|x64
		{F8337E6D-AA24-4D95-8BDB-7012762B2A70}.LIB Release|x64.Build.0 = Release|x64
		{F8337E6D-AA24-4D95-8BDB-7012762B2A70}.Release|Win32.ActiveCfg = Release|Win32
		{F8337E6D-AA24-4D95-8BDB-7012762B2A70}.Release|Win32.Build.0 = Release|Win32
		{F8337E6D-AA24-4D95-8BDB-7012762B2A70}.Release|x64.ActiveCfg = Release|x64
		{F8337E6D-AA24-4D95-8BDB-7012762B2A70}.Release|x64.Build.0 = Release|x64
		{F8337E6D-AA24-4D95-8BDB-7012762B2A70}.Template|Win32.ActiveCfg = Release|x64
		{F8337E6D-AA24-4D95-8BDB-7012762B2A70}.Template|x64.ActiveCfg = Release|x64
		{F8337E6D-AA24-4D95-8BDB-7012762B2A70}.Template|x64.Build.0 = Release|x64
		{16931DD6-245D-4DBF-AB0A-A49BEC946526}.Debug|Win32.ActiveCfg = Debug|Win32
		{16931DD6-245D-4DBF-AB0A-A49BEC946526}.Debug|Win32.Build.0 = Debug|Win32
		{16931DD6-245D-4DBF-AB0A-A49BEC946526}.Debug|x64.ActiveCfg = Debug|x64
		{16931DD6-245D-4DBF-AB0A-A49BEC946526}.Debug|x64.Build.0 = Debug|x64
		{16931DD6-245D-4DBF-AB0A-A49BEC946526}.DLL ASM Debug|Win32.ActiveCfg = Debug|Win32
		{16931DD6-245D-4DBF-AB0A-A49BEC946526}.DLL ASM Debug|Win32.Build.0 = Debug|Win32
		{16931DD6-245D-4DBF-AB0A-A49BEC946526}.DLL ASM Debug|x64.ActiveCfg = Debug|x64
		{16931DD6-245D-4DBF-AB0A-A49BEC946526}.DLL ASM Debug|x64.Build.0 = Debug|x64
		{16931DD6-245D-4DBF-AB0A-A49BEC946526}.DLL ASM Release|Win32.ActiveCfg = Release|Win32
		{16931DD6-245D-4DBF-AB0A-A49BEC946526}.DLL ASM Release|Win32.Build.0 = Release|Win32
		{16931DD6-245D-4DBF-AB0A-A49BEC946526}.DLL ASM Release|x64.ActiveCfg = Release|x64
		{16931DD6-245D-4DBF-AB0A-A49BEC946526}.DLL ASM Release|x64.Build.0 = Release|x64
		{16931DD6-245D-4DBF-AB0A-A49BEC946526}.DLL Debug|Win32.ActiveCfg = Debug|Win32
		{16931DD6-245D-4DBF-AB0A-A49BEC946526}.DLL Debug|Win32.Build.0 = Debug|Win32
		{16931DD6-245D-4DBF-AB0A-A49BEC946526}.DLL Debug|x64.ActiveCfg = Debug|x64
		{16931DD6-245D-4DBF-AB0A-A49BEC946526}.DLL Debug|x64.Build.0 = Debug|x64
		{16931DD6-245D-4DBF-AB0A-A49BEC946526}.DLL Release|Win32.ActiveCfg = Release|Win32
		{16931DD6-245D-4DBF-AB0A-A49BEC946526}.DLL Release|Win32.Build.0 = Release|Win32
		{16931DD6-245D-4DBF-AB0A-A49BEC946526}.DLL Release|x64.ActiveCfg = Release|x64
		{16931DD6-245D-4DBF-AB0A-A49BEC946526}.DLL Release|x64.Build.0 = Release|x64
		{16931DD6-245D-4DBF-AB0A-A49BEC946526}.LIB ASM Debug|Win32.ActiveCfg = Debug|Win32
		{16931DD6-245D-4DBF-AB0A-A49BEC946526}.LIB ASM Debug|Win32.Build.0 = Debug|Win32
		{16931DD6-245D-4DBF-AB0A-A49BEC946526}.LIB ASM Debug|x64.ActiveCfg = Debug|x64
		{16931DD6-245D-4DBF-AB0A-A49BEC946526}.LIB ASM Debug|x64.Build.0 = Debug|x64
		{16931DD6-245D-4DBF-AB0A-A49BEC946526}.LIB ASM Release|Win32.ActiveCfg = Release|Win32
		{16931DD6-245D-4DBF-AB0A-A49BEC946526}.LIB ASM Release|Win32.Build.0 = Release|Win32
		{16931DD6-245D-4DBF-AB0A-A49BEC946526}.LIB ASM Release|x64.ActiveCfg = Release|x64
		{16931DD6-245D-4DBF-AB0A-A49BEC946526}.LIB ASM Release|x64.Build.0 = Release|x64
		{16931DD6-245D-4DBF-AB0A-A49BEC946526}.LIB Debug|Win32.ActiveCfg = Debug|Win32
		{16931DD6-245D-4DBF-AB0A-A49BEC946526}.LIB Debug|Win32.Build.0 = Debug|Win32
		{16931DD6-245D-4DBF-AB0A-A49BEC946526}.LIB Debug|x64.ActiveCfg = Debug|x64
		{16931DD6-245D-4DBF-AB0A-A49BEC946526}.LIB Debug|x64.Build.0 = Debug|x64
		{16931DD6-245D-4DBF-AB0A-A49BEC946526}.LIB Release|Win32.ActiveCfg = Release|Win32
		{16931DD6-245D-4DBF-AB0A-A49BEC946526}.LIB Release|Win32.Build.0 = Release|Win32
		{16931DD6-245D-4DBF-AB0A-A49BEC946526}.LIB Release|x64.ActiveCfg = Release|x64
		{16931DD6-245D-4DBF-AB0A-A49BEC946526}.LIB Release|x64.Build.0 = Release|x64
		{16931DD6-245D-4DBF-AB0A-A49BEC946526}.Release|Win32.ActiveCfg = Release|Win32
		{16931DD6-245D-4DBF-AB0A-A49BEC946526}.Release|Win32.Build.0 = Release|Win32
		{16931DD6-245D-4DBF-AB0A-A49BEC946526}.Release|x64.ActiveCfg = Release|x64
		{16931DD6-245D-4DBF-AB0A-A49BEC946526}.Release|x64.Build.0 = Release|x64
		{16931DD6-245D-4DBF-AB0A-A49BEC946526}.Template|Win32.ActiveCfg = Release|x64
		{16931DD6-245D-4DBF-AB0A-A49BEC946526}.Template|x64.ActiveCfg = Release|x64
		{16931DD6-245D-4DBF-AB0A-A49BEC946526}.Template|x64.Build.0 = Release|x64
		{38F7637D-5100-3B6F-9DE8-A3F45DEC7A1A}.Debug|Win32.ActiveCfg = LIB Debug|Win32
		{38F7637D-5100-3B6F-9DE8-A3F45DEC7A1A}.Debug|Win32.Build.0 = LIB Debug|Win32
		{38F7637D-5100-3B6F-9DE8-A3F45DEC7A1A}.Debug|x64.ActiveCfg = LIB Debug|x64
		{38F7637D-5100-3B6F-9DE8-A3F45DEC7A1A}.Debug|x64.Build.0 = LIB Debug|x64
		{38F7637D-5100-3B6F-9DE8-A3F45DEC7A1A}.DLL ASM Debug|Win32.ActiveCfg = DLL ASM Debug|Win32
		{38F7637D-5100-3B6F-9DE8-A3F45DEC7A1A}.DLL ASM Debug|Win32.Build.0 = DLL ASM Debug|Win32
		{38F7637D-5100-3B6F-9DE8-A3F45DEC7A1A}.DLL ASM Debug|x64.ActiveCfg = DLL ASM Debug|Win32
		{38F7637D-5100-3B6F-9DE8-A3F45DEC7A1A}.DLL ASM Release|Win32.ActiveCfg = DLL ASM Release|Win32
		{38F7637D-5100-3B6F-9DE8-A3F45DEC7A1A}.DLL ASM Release|Win32.Build.0 = DLL ASM Release|Win32
		{38F7637D-5100-3B6F-9DE8-A3F45DEC7A1A}.DLL ASM Release|x64.ActiveCfg = DLL ASM Release|Win32
		{38F7637D-5100-3B6F-9DE8-A3F45DEC7A1A}.DLL Debug|Win32.ActiveCfg = DLL Debug|Win32
		{38F7637D-5100-3B6F-9DE8-A3F45DEC7A1A}.DLL Debug|Win32.Build.0 = DLL Debug|Win32
		{38F7637D-5100-3B6F-9DE8-A3F45DEC7A1A}.DLL Debug|x64.ActiveCfg = DLL Debug|Win32
		{38F7637D-5100-3B6F-9DE8-A3F45DEC7A1A}.DLL Release|Win32.ActiveCfg = DLL Release|Win32
		{38F7637D-5100-3B6F-9DE8-A3F45DEC7A1A}.DLL Release|Win32.Build.0 = DLL Release|Win32
		{38F7637D-5100-3B6F-9DE8-A3F45DEC7A1A}.DLL Release|x64.ActiveCfg = DLL Release|Win32
		{38F7637D-5100-3B6F-9DE8-A3F45DEC7A1A}.LIB ASM Debug|Win32.ActiveCfg = LIB ASM Debug|Win32
		{38F7637D-5100-3B6F-9DE8-A3F45DEC7A1A}.LIB ASM Debug|Win32.Build.0 = LIB ASM Debug|Win32
		{38F7637D-5100-3B6F-9DE8-A3F45DEC7A1A}.LIB ASM Debug|x64.ActiveCfg = LIB ASM Debug|Win32
		{38F7637D-5100-3B6F-9DE8-A3F45DEC7A1A}.LIB ASM Release|Win32.ActiveCfg = LIB ASM Release|Win32
		{38F7637D-5100-3B6F-9DE8-A3F45DEC7A1A}.LIB ASM Release|Win32.Build.0 = LIB ASM Release|Win32
		{38F7637D-5100-3B6F-9DE8-A3F45DEC7A1A}.LIB ASM Release|x64.ActiveCfg = LIB ASM Release|Win32
		{38F7637D-5100-3B6F-9DE8-A3F45DEC7A1A}.LIB Debug|Win32.ActiveCfg = LIB Debug|Win32
		{38F7637D-5100-3B6F-9DE8-A3F45DEC7A1A}.LIB Debug|Win32.Build.0 = LIB Debug|Win32
		{38F7637D-5100-3B6F-9DE8-A3F45DEC7A1A}.LIB Debug|x64.ActiveCfg = LIB Debug|Win32
		{38F7637D-5100-3B6F-9DE8-A3F45DEC7A1A}.LIB Release|Win32.ActiveCfg = LIB Release|Win32
		{38F7637D-5100-3B6F-9DE8-A3F45DEC7A1A}.LIB Release|Win32.Build.0 = LIB Release|Win32
		{38F7637D-5100-3B6F-9DE8-A3F45DEC7A1A}.LIB Release|x64.ActiveCfg = LIB Release|Win32
		{38F7637D-5100-3B6F-9DE8-A3F45DEC7A1A}.Release|Win32.ActiveCfg = LIB Release|Win32
		{38F7637D-5100-3B6F-9DE8-A3F45DEC7A1A}.Release|Win32.Build.0 = LIB Release|Win32
		{38F7637D-5100-3B6F-9DE8-A3F45DEC7A1A}.Release|x64.ActiveCfg = Template|x64
		{38F7637D-5100-3B6F-9DE8-A3F45DEC7A1A}.Release|x64.Build.0 = Template|x64
		{38F7637D-5100-3B6F-9DE8-A3F45DEC7A1A}.Template|Win32.ActiveCfg = Template|Win32
		{38F7637D-5100-3B6F-9DE8-A3F45DEC7A1A}.Template|Win32.Build.0 = Template|Win32
		{38F7637D-5100-3B6F-9DE8-A3F45DEC7A1A}.Template|x64.ActiveCfg = Template|Win32
		{524BE26D-FC60-4BC4-9100-128A0502FFF7}.Debug|Win32.ActiveCfg = Debug|Win32
		{524BE26D-FC60-4BC4-9100-128A0502FFF7}.Debug|Win32.Build.0 = Debug|Win32
		{524BE26D-FC60-4BC4-9100-128A0502FFF7}.Debug|x64.ActiveCfg = Debug|x64
		{524BE26D-FC60-4BC4-9100-128A0502FFF7}.Debug|x64.Build.0 = Debug|x64
		{524BE26D-FC60-4BC4-9100-128A0502FFF7}.DLL ASM Debug|Win32.ActiveCfg = Debug|Win32
		{524BE26D-FC60-4BC4-9100-128A0502FFF7}.DLL ASM Debug|Win32.Build.0 = Debug|Win32
		{524BE26D-FC60-4BC4-9100-128A0502FFF7}.DLL ASM Debug|x64.ActiveCfg = Debug|x64
		{524BE26D-FC60-4BC4-9100-128A0502FFF7}.DLL ASM Debug|x64.Build.0 = Debug|x64
		{524BE26D-FC60-4BC4-9100-128A0502FFF7}.DLL ASM Release|Win32.ActiveCfg = Release|Win32
		{524BE26D-FC60-4BC4-9100-128A0502FFF7}.DLL ASM Release|Win32.Build.0 = Release|Win32
		{524BE26D-FC60-4BC4-9100-128A0502FFF7}.DLL ASM Release|x64.ActiveCfg = Release|x64
		{524BE26D-FC60-4BC4-9100-128A0502FFF7}.DLL ASM Release|x64.Build.0 = Release|x64
		{524BE26D-FC60-4BC4-9100-128A0502FFF7}.DLL Debug|Win32.ActiveCfg = Debug|Win32
		{524BE26D-FC60-4BC4-9100-128A0502FFF7}.DLL Debug|Win32.Build.0 = Debug|Win32
		{524BE26D-FC60-4BC4-9100-128A0502FFF7}.DLL Debug|x64.ActiveCfg = Debug|x64
		{524BE26D-FC60-4BC4-9100-128A0502FFF7}.DLL Debug|x64.Build.0 = Debug|x64
		{524BE26D-FC60-4BC4-9100-128A0502FFF7}.DLL Release|Win32.ActiveCfg = Release|Win32
		{524BE26D-FC60-4BC4-9100-128A0502FFF7}.DLL Release|Win32.Build.0 = Release|Win32
		{524BE26D-FC60-4BC4-9100-128A0502FFF7}.DLL Release|x64.ActiveCfg = Release|x64
		{524BE26D-FC60-4BC4-9100-128A0502FFF7}.DLL Release|x64.Build.0 = Release|x64
		{524BE26D-FC60-4BC4-9100-128A0502FFF7}.LIB ASM Debug|Win32.ActiveCfg = Debug|Win32
		{524BE26D-FC60-4BC4-9100-128A0502FFF7}.LIB ASM Debug|Win32.Build.0 = Debug|Win32
		{524BE26D-FC60-4BC4-9100-128A0502FFF7}.LIB ASM Debug|x64.ActiveCfg = Debug|x64
		{524BE26D-FC60-4BC4-9100-128A0502FFF7}.LIB ASM Debug|x64.Build.0 = Debug|x64
		{524BE26D-FC60-4BC4-9100-128A0502FFF7}.LIB ASM Release|Win32.ActiveCfg = Release|Win32
		{524BE26D-FC60-4BC4-9100-128A0502FFF7}.LIB ASM Release|Win32.Build.0 = Release|Win32
		{524BE26D-FC60-4BC4-9100-128A0502FFF7}.LIB ASM Release|x64.ActiveCfg = Release|x64
		{524BE26D-FC60-4BC4-9100-128A0502FFF7}.LIB ASM Release|x64.Build.0 = Release|x64
		{524BE26D-FC60-4BC4-9100-128A0502FFF7}.LIB Debug|Win32.ActiveCfg = Debug|Win32
		{524BE26D-FC60-4BC4-9100-128A0502FFF7}.LIB Debug|Win32.Build.0 = Debug|Win32
		{524BE26D-FC60-4BC4-9100-128A0502FFF7}.LIB Debug|x64.ActiveCfg = Debug|x64
		{524BE26D-FC60-4BC4-9100-128A0502FFF7}.LIB Debug|x64.Build.0 = Debug|x64
		{524BE26D-FC60-4BC4-9100-128A0502FFF7}.LIB Release|Win32.ActiveCfg = Release|Win32
		{524BE26D-FC60-4BC4-9100-128A0502FFF7}.LIB Release|Win32.Build.0 = Release|Win32
		{524BE26D-FC60-4BC4-9100-128A0502FFF7}.LIB Release|x64.ActiveCfg = Release|x64
		{524BE26D-FC60-4BC4-9100-128A0502FFF7}.LIB Release|x64.Build.0 = Release|x64
		{524BE26D-FC60-4BC4-9100-128A0502FFF7}.Release|Win32.ActiveCfg = Release|Win32
		{524BE26D-FC60-4BC4-9100-128A0502FFF7}.Release|Win32.Build.0 = Release|Win32
		{524BE26D-FC60-4BC4-9100-128A0502FFF7}.Release|x64.ActiveCfg = Release|x64
		{524BE26D-FC60-4BC4-9100-128A0502FFF7}.Release|x64.Build.0 = Release|x64
		{524BE26D-FC60-4BC4-9100-128A0502FFF7}.Template|Win32.ActiveCfg = Release|x64
		{524BE26D-FC60-4BC4-9100-128A0502FFF7}.Template|x64.ActiveCfg = Release|x64
		{524BE26D-FC60-4BC4-9100-128A0502FFF7}.Template|x64.Build.0 = Release|x64
		{5B1A5BA8-B7D6-45A9-AF38-47C2FDDCCA7A}.Debug|Win32.ActiveCfg = Debug|Win32
		{5B1A5BA8-B7D6-45A9-AF38-47C2FDDCCA7A}.Debug|Win32.Build.0 = Debug|Win32
		{5B1A5BA8-B7D6-45A9-AF38-47C2FDDCCA7A}.Debug|x64.ActiveCfg = Debug|x64
		{5B1A5BA8-B7D6-45A9-AF38-47C2FDDCCA7A}.Debug|x64.Build.0 = Debug|x64
		{5B1A5BA8-B7D6-45A9-AF38-47C2FDDCCA7A}.DLL ASM Debug|Win32.ActiveCfg = Debug|Win32
		{5B1A5BA8-B7D6-45A9-AF38-47C2FDDCCA7A}.DLL ASM Debug|Win32.Build.0 = Debug|Win32
		{5B1A5BA8-B7D6-45A9-AF38-47C2FDDCCA7A}.DLL ASM Debug|x64.ActiveCfg = Debug|Win32
		{5B1A5BA8-B7D6-45A9-AF38-47C2FDDCCA7A}.DLL ASM Release|Win32.ActiveCfg = Release|Win32
		{5B1A5BA8-B7D6-45A9-AF38-47C2FDDCCA7A}.DLL ASM Release|Win32.Build.0 = Release|Win32
		{5B1A5BA8-B7D6-45A9-AF38-47C2FDDCCA7A}.DLL ASM Release|x64.ActiveCfg = Release|Win32
		{5B1A5BA8-B7D6-45A9-AF38-47C2FDDCCA7A}.DLL Debug|Win32.ActiveCfg = Debug|Win32
		{5B1A5BA8-B7D6-45A9-AF38-47C2FDDCCA7A}.DLL Debug|Win32.Build.0 = Debug|Win32
		{5B1A5BA8-B7D6-45A9-AF38-47C2FDDCCA7A}.DLL Debug|x64.ActiveCfg = Debug|Win32
		{5B1A5BA8-B7D6-45A9-AF38-47C2FDDCCA7A}.DLL Release|Win32.ActiveCfg = Release|Win32
		{5B1A5BA8-B7D6-45A9-AF38-47C2FDDCCA7A}.DLL Release|Win32.Build.0 = Release|Win32
		{5B1A5BA8-B7D6-45A9-AF38-47C2FDDCCA7A}.DLL Release|x64.ActiveCfg = Release|Win32
		{5B1A5BA8-B7D6-45A9-AF38-47C2FDDCCA7A}.LIB ASM Debug|Win32.ActiveCfg = Debug|Win32
		{5B1A5BA8-B7D6-45A9-AF38-47C2FDDCCA7A}.LIB ASM Debug|Win32.Build.0 = Debug|Win32
		{5B1A5BA8-B7D6-45A9-AF38-47C2FDDCCA7A}.LIB ASM Debug|x64.ActiveCfg = Debug|Win32
		{5B1A5BA8-B7D6-45A9-AF38-47C2FDDCCA7A}.LIB ASM Release|Win32.ActiveCfg = Release|Win32
		{5B1A5BA8-B7D6-45A9-AF38-47C2FDDCCA7A}.LIB ASM Release|Win32.Build.0 = Release|Win32
		{5B1A5BA8-B7D6-45A9-AF38-47C2FDDCCA7A}.LIB ASM Release|x64.ActiveCfg = Release|Win32
		{5B1A5BA8-B7D6-45A9-AF38-47C2FDDCCA7A}.LIB Debug|Win32.ActiveCfg = Debug|Win32
		{5B1A5BA8-B7D6-45A9-AF38-47C2FDDCCA7A}.LIB Debug|Win32.Build.0 = Debug|Win32
		{5B1A5BA8-B7D6-45A9-AF38-47C2FDDCCA7A}.LIB Debug|x64.ActiveCfg = Debug|Win32
		{5B1A5BA8-B7D6-45A9-AF38-47C2FDDCCA7A}.LIB Release|Win32.ActiveCfg = Release|Win32
		{5B1A5BA8-B7D6-45A9-AF38-47C2FDDCCA7A}.LIB Release|Win32.Build.0 = Release|Win32
		{5B1A5BA8-B7D6-45A9-AF38-47C2FDDCCA7A}.LIB Release|x64.ActiveCfg = Release|Win32
		{5B1A5BA8-B7D6-45A9-AF38-47C2FDDCCA7A}.Release|Win32.ActiveCfg = Release|Win32
		{5B1A5BA8-B7D6-45A9-AF38-47C2FDDCCA7A}.Release|Win32.Build.0 = Release|Win32
		{5B1A5BA8-B7D6-45A9-AF38-47C2FDDCCA7A}.Release|x64.ActiveCfg = Release|Win32
		{5B1A5BA8-B7D6-45A9-AF38-47C2FDDCCA7A}.Template|Win32.ActiveCfg = Release|Win32
		{5B1A5BA8-B7D6-45A9-AF38-47C2FDDCCA7A}.Template|Win32.Build.0 = Release|Win32
		{5B1A5BA8-B7D6-45A9-AF38-47C2FDDCCA7A}.Template|x64.ActiveCfg = Release|Win32
	EndGlobalSection
	GlobalSection(SolutionProperties) = preSolution
		HideSolutionNode = FALSE
	EndGlobalSection
	GlobalSection(NestedProjects) = preSolution
		{0112E945-28B7-47A5-9D8C-976918ECD58C} = {B5040DE8-5177-4A95-9581-A79F48671B7F}
		{1A424BEC-C109-45F8-90C8-0B23A5260BC6} = {B5040DE8-5177-4A95-9581-A79F48671B7F}
		{4FCD6016-9630-4AFF-A68E-254DCCE2951A} = {B5040DE8-5177-4A95-9581-A79F48671B7F}
		{783D117C-7490-4446-AD1B-0B75B881FE42} = {364A03B9-3D7E-4EB2-8447-566952BA23E9}
		{4229715E-576D-4932-98D7-6B48BD24E801} = {364A03B9-3D7E-4EB2-8447-566952BA23E9}
		{21F92614-FA8D-4D65-870E-6B685074A42F} = {364A03B9-3D7E-4EB2-8447-566952BA23E9}
		{FE826D92-C3DF-4BF2-89FF-E85607FAC28D} = {158C52FF-B15B-4065-B6E6-9CE647DD7A77}
		{0AC1B896-CA75-4D0D-9A43-B4D1B31B8863} = {DF860434-DB04-40BB-BEB3-63492F1C11B6}
		{AA2672AE-79AF-4927-BC6F-E0658D588ED2} = {DF860434-DB04-40BB-BEB3-63492F1C11B6}
		{5B1A5BA8-B7D6-45A9-AF38-47C2FDDCCA7A} = {DF860434-DB04-40BB-BEB3-63492F1C11B6}
		{30D7C283-4016-48E9-BF8D-017DA4A57E2F} = {9AC1B402-4ABD-4CC0-8D1C-50B017B9DAA5}
		{27FB49DA-71AD-4A54-8038-10401A64A135} = {9AC1B402-4ABD-4CC0-8D1C-50B017B9DAA5}
		{0C763797-B0EE-4AD5-AD7A-4544FC16B7A7} = {9AC1B402-4ABD-4CC0-8D1C-50B017B9DAA5}
		{D3D9205D-7C81-479D-977F-34D8DECF7395} = {9AC1B402-4ABD-4CC0-8D1C-50B017B9DAA5}
		{F8337E6D-AA24-4D95-8BDB-7012762B2A70} = {9AC1B402-4ABD-4CC0-8D1C-50B017B9DAA5}
		{16931DD6-245D-4DBF-AB0A-A49BEC946526} = {9AC1B402-4ABD-4CC0-8D1C-50B017B9DAA5}
		{E6E578BC-6936-451A-90F2-811C5EE5F82F} = {9AC1B402-4ABD-4CC0-8D1C-50B017B9DAA5}
		{524BE26D-FC60-4BC4-9100-128A0502FFF7} = {3ADE727B-6624-4DA4-B71E-17E05F6A6B80}
		{38F7637D-5100-3B6F-9DE8-A3F45DEC7A1A} = {3ADE727B-6624-4DA4-B71E-17E05F6A6B80}
	EndGlobalSection
EndGlobal
