
Microsoft Visual Studio Solution File, Format Version 11.00
# Visual Studio 2010
Project("{8BC9CEB8-8B4A-11D0-8D11-00A0C91BC942}") = "example", "example.vcxproj", "{803D8CE4-C6F7-5B14-107B-7994220EA73E}"
	ProjectSection(ProjectDependencies) = postProject
		{C09542FD-9DD9-B3EA-DC43-F0A81DEEE9D3} = {C09542FD-9DD9-B3EA-DC43-F0A81DEEE9D3}
	EndProjectSection
EndProject
Project("{8BC9CEB8-8B4A-11D0-8D11-00A0C91BC942}") = "minigzip", "minigzip.vcxproj", "{2D513A79-4DD8-58D4-4E9B-7B1C573701FA}"
	ProjectSection(ProjectDependencies) = postProject
		{C09542FD-9DD9-B3EA-DC43-F0A81DEEE9D3} = {C09542FD-9DD9-B3EA-DC43-F0A81DEEE9D3}
	EndProjectSection
EndProject
Project("{8BC9CEB8-8B4A-11D0-8D11-00A0C91BC942}") = "zlib", "zlib.vcxproj", "{C09542FD-9DD9-B3EA-DC43-F0A81DEEE9D3}"
EndProject
Global
	GlobalSection(SolutionConfigurationPlatforms) = preSolution
		DLL ASM Debug|Win32 = DLL ASM Debug|Win32
		DLL ASM Release|Win32 = DLL ASM Release|Win32
		DLL Debug|Win32 = DLL Debug|Win32
		DLL Release|Win32 = DLL Release|Win32
		LIB ASM Debug|Win32 = LIB ASM Debug|Win32
		LIB ASM Release|Win32 = LIB ASM Release|Win32
		LIB Debug|Win32 = LIB Debug|Win32
		LIB Release|Win32 = LIB Release|Win32
		Template|Win32 = Template|Win32
	EndGlobalSection
	GlobalSection(ProjectConfigurationPlatforms) = postSolution
		{803D8CE4-C6F7-5B14-107B-7994220EA73E}.DLL ASM Debug|Win32.ActiveCfg = DLL ASM Debug|Win32
		{803D8CE4-C6F7-5B14-107B-7994220EA73E}.DLL ASM Debug|Win32.Build.0 = DLL ASM Debug|Win32
		{803D8CE4-C6F7-5B14-107B-7994220EA73E}.DLL ASM Release|Win32.ActiveCfg = DLL ASM Release|Win32
		{803D8CE4-C6F7-5B14-107B-7994220EA73E}.DLL ASM Release|Win32.Build.0 = DLL ASM Release|Win32
		{803D8CE4-C6F7-5B14-107B-7994220EA73E}.DLL Debug|Win32.ActiveCfg = DLL Debug|Win32
		{803D8CE4-C6F7-5B14-107B-7994220EA73E}.DLL Debug|Win32.Build.0 = DLL Debug|Win32
		{803D8CE4-C6F7-5B14-107B-7994220EA73E}.DLL Release|Win32.ActiveCfg = DLL Release|Win32
		{803D8CE4-C6F7-5B14-107B-7994220EA73E}.DLL Release|Win32.Build.0 = DLL Release|Win32
		{803D8CE4-C6F7-5B14-107B-7994220EA73E}.LIB ASM Debug|Win32.ActiveCfg = LIB ASM Debug|Win32
		{803D8CE4-C6F7-5B14-107B-7994220EA73E}.LIB ASM Debug|Win32.Build.0 = LIB ASM Debug|Win32
		{803D8CE4-C6F7-5B14-107B-7994220EA73E}.LIB ASM Release|Win32.ActiveCfg = LIB ASM Release|Win32
		{803D8CE4-C6F7-5B14-107B-7994220EA73E}.LIB ASM Release|Win32.Build.0 = LIB ASM Release|Win32
		{803D8CE4-C6F7-5B14-107B-7994220EA73E}.LIB Debug|Win32.ActiveCfg = LIB Debug|Win32
		{803D8CE4-C6F7-5B14-107B-7994220EA73E}.LIB Debug|Win32.Build.0 = LIB Debug|Win32
		{803D8CE4-C6F7-5B14-107B-7994220EA73E}.LIB Release|Win32.ActiveCfg = LIB Release|Win32
		{803D8CE4-C6F7-5B14-107B-7994220EA73E}.LIB Release|Win32.Build.0 = LIB Release|Win32
		{803D8CE4-C6F7-5B14-107B-7994220EA73E}.Template|Win32.ActiveCfg = LIB Release|Win32
		{803D8CE4-C6F7-5B14-107B-7994220EA73E}.Template|Win32.Build.0 = LIB Release|Win32
		{2D513A79-4DD8-58D4-4E9B-7B1C573701FA}.DLL ASM Debug|Win32.ActiveCfg = DLL ASM Debug|Win32
		{2D513A79-4DD8-58D4-4E9B-7B1C573701FA}.DLL ASM Debug|Win32.Build.0 = DLL ASM Debug|Win32
		{2D513A79-4DD8-58D4-4E9B-7B1C573701FA}.DLL ASM Release|Win32.ActiveCfg = DLL ASM Release|Win32
		{2D513A79-4DD8-58D4-4E9B-7B1C573701FA}.DLL ASM Release|Win32.Build.0 = DLL ASM Release|Win32
		{2D513A79-4DD8-58D4-4E9B-7B1C573701FA}.DLL Debug|Win32.ActiveCfg = DLL Debug|Win32
		{2D513A79-4DD8-58D4-4E9B-7B1C573701FA}.DLL Debug|Win32.Build.0 = DLL Debug|Win32
		{2D513A79-4DD8-58D4-4E9B-7B1C573701FA}.DLL Release|Win32.ActiveCfg = DLL Release|Win32
		{2D513A79-4DD8-58D4-4E9B-7B1C573701FA}.DLL Release|Win32.Build.0 = DLL Release|Win32
		{2D513A79-4DD8-58D4-4E9B-7B1C573701FA}.LIB ASM Debug|Win32.ActiveCfg = LIB ASM Debug|Win32
		{2D513A79-4DD8-58D4-4E9B-7B1C573701FA}.LIB ASM Debug|Win32.Build.0 = LIB ASM Debug|Win32
		{2D513A79-4DD8-58D4-4E9B-7B1C573701FA}.LIB ASM Release|Win32.ActiveCfg = LIB ASM Release|Win32
		{2D513A79-4DD8-58D4-4E9B-7B1C573701FA}.LIB ASM Release|Win32.Build.0 = LIB ASM Release|Win32
		{2D513A79-4DD8-58D4-4E9B-7B1C573701FA}.LIB Debug|Win32.ActiveCfg = LIB Debug|Win32
		{2D513A79-4DD8-58D4-4E9B-7B1C573701FA}.LIB Debug|Win32.Build.0 = LIB Debug|Win32
		{2D513A79-4DD8-58D4-4E9B-7B1C573701FA}.LIB Release|Win32.ActiveCfg = LIB Release|Win32
		{2D513A79-4DD8-58D4-4E9B-7B1C573701FA}.LIB Release|Win32.Build.0 = LIB Release|Win32
		{2D513A79-4DD8-58D4-4E9B-7B1C573701FA}.Template|Win32.ActiveCfg = Template|Win32
		{2D513A79-4DD8-58D4-4E9B-7B1C573701FA}.Template|Win32.Build.0 = Template|Win32
		{C09542FD-9DD9-B3EA-DC43-F0A81DEEE9D3}.DLL ASM Debug|Win32.ActiveCfg = DLL ASM Debug|Win32
		{C09542FD-9DD9-B3EA-DC43-F0A81DEEE9D3}.DLL ASM Debug|Win32.Build.0 = DLL ASM Debug|Win32
		{C09542FD-9DD9-B3EA-DC43-F0A81DEEE9D3}.DLL ASM Release|Win32.ActiveCfg = DLL ASM Release|Win32
		{C09542FD-9DD9-B3EA-DC43-F0A81DEEE9D3}.DLL ASM Release|Win32.Build.0 = DLL ASM Release|Win32
		{C09542FD-9DD9-B3EA-DC43-F0A81DEEE9D3}.DLL Debug|Win32.ActiveCfg = DLL Debug|Win32
		{C09542FD-9DD9-B3EA-DC43-F0A81DEEE9D3}.DLL Debug|Win32.Build.0 = DLL Debug|Win32
		{C09542FD-9DD9-B3EA-DC43-F0A81DEEE9D3}.DLL Release|Win32.ActiveCfg = DLL Release|Win32
		{C09542FD-9DD9-B3EA-DC43-F0A81DEEE9D3}.DLL Release|Win32.Build.0 = DLL Release|Win32
		{C09542FD-9DD9-B3EA-DC43-F0A81DEEE9D3}.LIB ASM Debug|Win32.ActiveCfg = LIB ASM Debug|Win32
		{C09542FD-9DD9-B3EA-DC43-F0A81DEEE9D3}.LIB ASM Debug|Win32.Build.0 = LIB ASM Debug|Win32
		{C09542FD-9DD9-B3EA-DC43-F0A81DEEE9D3}.LIB ASM Release|Win32.ActiveCfg = LIB ASM Release|Win32
		{C09542FD-9DD9-B3EA-DC43-F0A81DEEE9D3}.LIB ASM Release|Win32.Build.0 = LIB ASM Release|Win32
		{C09542FD-9DD9-B3EA-DC43-F0A81DEEE9D3}.LIB Debug|Win32.ActiveCfg = LIB Debug|Win32
		{C09542FD-9DD9-B3EA-DC43-F0A81DEEE9D3}.LIB Debug|Win32.Build.0 = LIB Debug|Win32
		{C09542FD-9DD9-B3EA-DC43-F0A81DEEE9D3}.LIB Release|Win32.ActiveCfg = LIB Release|Win32
		{C09542FD-9DD9-B3EA-DC43-F0A81DEEE9D3}.LIB Release|Win32.Build.0 = LIB Release|Win32
		{C09542FD-9DD9-B3EA-DC43-F0A81DEEE9D3}.Template|Win32.ActiveCfg = Template|Win32
		{C09542FD-9DD9-B3EA-DC43-F0A81DEEE9D3}.Template|Win32.Build.0 = Template|Win32
	EndGlobalSection
	GlobalSection(SolutionProperties) = preSolution
		HideSolutionNode = FALSE
	EndGlobalSection
EndGlobal
